// !$*UTF8*$!
{
	archiveVersion = 1;
	classes = {
	};
	objectVersion = 54;
	objects = {

/* Begin PBXBuildFile section */
		08F06BC3769A8A9F49B8B5AE /* KeychainHelper.swift in Sources */ = {isa = PBXBuildFile; fileRef = CA76140EE4946838694BF9A2 /* KeychainHelper.swift */; };
		149FBF1C7FEDB4D475A84FA3 /* FinanceMateApp.swift in Sources */ = {isa = PBXBuildFile; fileRef = F64317D4D1264A4EEA0A7239 /* FinanceMateApp.swift */; };
		2DFC3B40CF261DC740E43B4A /* DashboardView.swift in Sources */ = {isa = PBXBuildFile; fileRef = FD1B108972E6DE4F2BB3E4BE /* DashboardView.swift */; };
		44D1E7A36F1DEFC689B2D29B /* AuthenticationManager.swift in Sources */ = {isa = PBXBuildFile; fileRef = 0462096396F23463327279A7 /* AuthenticationManager.swift */; };
		472F3AB0C78B22DCD65B3D15 /* GmailViewModel.swift in Sources */ = {isa = PBXBuildFile; fileRef = C0A06C1B981717175872995B /* GmailViewModel.swift */; };
		8A4C5F380DC598249916287A /* GmailModels.swift in Sources */ = {isa = PBXBuildFile; fileRef = 71EF5C81BF4E9894238B9C34 /* GmailModels.swift */; };
		8A8513582D2EBB487126C8DD /* GmailView.swift in Sources */ = {isa = PBXBuildFile; fileRef = 3F7C8A27F4452198FF3D4336 /* GmailView.swift */; };
		8AD6ED10D16B550839EE977A /* GmailAPI.swift in Sources */ = {isa = PBXBuildFile; fileRef = E904C06A5DEAACD675C7D55C /* GmailAPI.swift */; };
		8BAF2671C99632758B9B44D4 /* Transaction.swift in Sources */ = {isa = PBXBuildFile; fileRef = DA4945387B7AF59CA123F400 /* Transaction.swift */; };
		AA5F9890E57C2445AD7261A9 /* TransactionsView.swift in Sources */ = {isa = PBXBuildFile; fileRef = 0F6F07E70896D0F653D8125A /* TransactionsView.swift */; };
		AF37A07AB6DBD988BC6A6BE8 /* SettingsView.swift in Sources */ = {isa = PBXBuildFile; fileRef = EA373D32E33E191AF2C4D761 /* SettingsView.swift */; };
		BBBAD1F16B9F9725870AA423 /* PersistenceController.swift in Sources */ = {isa = PBXBuildFile; fileRef = BA0DFAF1B4D00C9177FB89F0 /* PersistenceController.swift */; };
		E0D3F6168F5AD224E4A8B877 /* GmailOAuthHelper.swift in Sources */ = {isa = PBXBuildFile; fileRef = 97880124EAFD9019DF7A2AD2 /* GmailOAuthHelper.swift */; };
		E27E3897995C633A280CCA7E /* LoginView.swift in Sources */ = {isa = PBXBuildFile; fileRef = 85C1CB1C75DC0D59EB08342C /* LoginView.swift */; };
		FD47DD6F80A476B4EF448E5D /* ContentView.swift in Sources */ = {isa = PBXBuildFile; fileRef = A1715840A6674ADB3AD26EAF /* ContentView.swift */; };
/* End PBXBuildFile section */

/* Begin PBXFileReference section */
		0462096396F23463327279A7 /* AuthenticationManager.swift */ = {isa = PBXFileReference; lastKnownFileType = sourcecode.swift; path = AuthenticationManager.swift; sourceTree = "<group>"; };
		0F6F07E70896D0F653D8125A /* TransactionsView.swift */ = {isa = PBXFileReference; lastKnownFileType = sourcecode.swift; path = TransactionsView.swift; sourceTree = "<group>"; };
		3F7C8A27F4452198FF3D4336 /* GmailView.swift */ = {isa = PBXFileReference; lastKnownFileType = sourcecode.swift; path = GmailView.swift; sourceTree = "<group>"; };
		6AD7F62BE980B30C777D9BCC /* FinanceMate.app */ = {isa = PBXFileReference; explicitFileType = wrapper.application; includeInIndex = 0; path = FinanceMate.app; sourceTree = BUILT_PRODUCTS_DIR; };
		71EF5C81BF4E9894238B9C34 /* GmailModels.swift */ = {isa = PBXFileReference; lastKnownFileType = sourcecode.swift; path = GmailModels.swift; sourceTree = "<group>"; };
		85C1CB1C75DC0D59EB08342C /* LoginView.swift */ = {isa = PBXFileReference; lastKnownFileType = sourcecode.swift; path = LoginView.swift; sourceTree = "<group>"; };
		862B24382DB2714189DE41A9 /* Info.plist */ = {isa = PBXFileReference; lastKnownFileType = text.plist; path = Info.plist; sourceTree = "<group>"; };
		97880124EAFD9019DF7A2AD2 /* GmailOAuthHelper.swift */ = {isa = PBXFileReference; lastKnownFileType = sourcecode.swift; path = GmailOAuthHelper.swift; sourceTree = "<group>"; };
		99BC4F8F2FAB08CC7A4DEC3A /* FinanceMate.entitlements */ = {isa = PBXFileReference; lastKnownFileType = text.plist.entitlements; path = FinanceMate.entitlements; sourceTree = "<group>"; };
		A1715840A6674ADB3AD26EAF /* ContentView.swift */ = {isa = PBXFileReference; lastKnownFileType = sourcecode.swift; path = ContentView.swift; sourceTree = "<group>"; };
		BA0DFAF1B4D00C9177FB89F0 /* PersistenceController.swift */ = {isa = PBXFileReference; lastKnownFileType = sourcecode.swift; path = PersistenceController.swift; sourceTree = "<group>"; };
		C0A06C1B981717175872995B /* GmailViewModel.swift */ = {isa = PBXFileReference; lastKnownFileType = sourcecode.swift; path = GmailViewModel.swift; sourceTree = "<group>"; };
		CA76140EE4946838694BF9A2 /* KeychainHelper.swift */ = {isa = PBXFileReference; lastKnownFileType = sourcecode.swift; path = KeychainHelper.swift; sourceTree = "<group>"; };
		DA4945387B7AF59CA123F400 /* Transaction.swift */ = {isa = PBXFileReference; lastKnownFileType = sourcecode.swift; path = Transaction.swift; sourceTree = "<group>"; };
		E904C06A5DEAACD675C7D55C /* GmailAPI.swift */ = {isa = PBXFileReference; lastKnownFileType = sourcecode.swift; path = GmailAPI.swift; sourceTree = "<group>"; };
		EA373D32E33E191AF2C4D761 /* SettingsView.swift */ = {isa = PBXFileReference; lastKnownFileType = sourcecode.swift; path = SettingsView.swift; sourceTree = "<group>"; };
		F64317D4D1264A4EEA0A7239 /* FinanceMateApp.swift */ = {isa = PBXFileReference; lastKnownFileType = sourcecode.swift; path = FinanceMateApp.swift; sourceTree = "<group>"; };
		FD1B108972E6DE4F2BB3E4BE /* DashboardView.swift */ = {isa = PBXFileReference; lastKnownFileType = sourcecode.swift; path = DashboardView.swift; sourceTree = "<group>"; };
/* End PBXFileReference section */

/* Begin PBXGroup section */
		664632500DD526A9BDF8015A = {
			isa = PBXGroup;
			children = (
				838ED39BA86C60CA98CF6D9F /* FinanceMate */,
				C190AFCE18F9B21044E96663 /* Products */,
			);
			sourceTree = "<group>";
		};
		838ED39BA86C60CA98CF6D9F /* FinanceMate */ = {
			isa = PBXGroup;
			children = (
				0462096396F23463327279A7 /* AuthenticationManager.swift */,
				A1715840A6674ADB3AD26EAF /* ContentView.swift */,
				FD1B108972E6DE4F2BB3E4BE /* DashboardView.swift */,
				99BC4F8F2FAB08CC7A4DEC3A /* FinanceMate.entitlements */,
				F64317D4D1264A4EEA0A7239 /* FinanceMateApp.swift */,
				E904C06A5DEAACD675C7D55C /* GmailAPI.swift */,
				71EF5C81BF4E9894238B9C34 /* GmailModels.swift */,
				97880124EAFD9019DF7A2AD2 /* GmailOAuthHelper.swift */,
				3F7C8A27F4452198FF3D4336 /* GmailView.swift */,
				C0A06C1B981717175872995B /* GmailViewModel.swift */,
				862B24382DB2714189DE41A9 /* Info.plist */,
				CA76140EE4946838694BF9A2 /* KeychainHelper.swift */,
				85C1CB1C75DC0D59EB08342C /* LoginView.swift */,
				BA0DFAF1B4D00C9177FB89F0 /* PersistenceController.swift */,
				EA373D32E33E191AF2C4D761 /* SettingsView.swift */,
				DA4945387B7AF59CA123F400 /* Transaction.swift */,
				0F6F07E70896D0F653D8125A /* TransactionsView.swift */,
			);
			path = FinanceMate;
			sourceTree = "<group>";
		};
		C190AFCE18F9B21044E96663 /* Products */ = {
			isa = PBXGroup;
			children = (
				6AD7F62BE980B30C777D9BCC /* FinanceMate.app */,
			);
			name = Products;
			sourceTree = "<group>";
		};
/* End PBXGroup section */

/* Begin PBXNativeTarget section */
		9BCE076CC14C69F83263D6C5 /* FinanceMate */ = {
			isa = PBXNativeTarget;
			buildConfigurationList = 3D3FA70917CC37F760050118 /* Build configuration list for PBXNativeTarget "FinanceMate" */;
			buildPhases = (
				E728BDA24D7E5D5322C4F5B3 /* Sources */,
			);
			buildRules = (
			);
			dependencies = (
			);
			name = FinanceMate;
			packageProductDependencies = (
			);
			productName = FinanceMate;
			productReference = 6AD7F62BE980B30C777D9BCC /* FinanceMate.app */;
			productType = "com.apple.product-type.application";
		};
/* End PBXNativeTarget section */

/* Begin PBXProject section */
		7507F26843B0E919A679B42F /* Project object */ = {
			isa = PBXProject;
			attributes = {
				BuildIndependentTargetsInParallel = YES;
				LastUpgradeCheck = 1430;
				TargetAttributes = {
					9BCE076CC14C69F83263D6C5 = {
						DevelopmentTeam = 7KV34995HH;
						ProvisioningStyle = Automatic;
					};
				};
			};
			buildConfigurationList = 06DA17711CD05B771F369D44 /* Build configuration list for PBXProject "FinanceMate" */;
			compatibilityVersion = "Xcode 14.0";
			developmentRegion = en;
			hasScannedForEncodings = 0;
			knownRegions = (
				Base,
				en,
			);
			mainGroup = 664632500DD526A9BDF8015A;
			minimizedProjectReferenceProxies = 1;
			preferredProjectObjectVersion = 54;
			projectDirPath = "";
			projectRoot = "";
			targets = (
				9BCE076CC14C69F83263D6C5 /* FinanceMate */,
			);
		};
/* End PBXProject section */

/* Begin PBXSourcesBuildPhase section */
		E728BDA24D7E5D5322C4F5B3 /* Sources */ = {
			isa = PBXSourcesBuildPhase;
			buildActionMask = 2147483647;
			files = (
				44D1E7A36F1DEFC689B2D29B /* AuthenticationManager.swift in Sources */,
				FD47DD6F80A476B4EF448E5D /* ContentView.swift in Sources */,
				2DFC3B40CF261DC740E43B4A /* DashboardView.swift in Sources */,
				149FBF1C7FEDB4D475A84FA3 /* FinanceMateApp.swift in Sources */,
				8AD6ED10D16B550839EE977A /* GmailAPI.swift in Sources */,
				8A4C5F380DC598249916287A /* GmailModels.swift in Sources */,
				E0D3F6168F5AD224E4A8B877 /* GmailOAuthHelper.swift in Sources */,
				8A8513582D2EBB487126C8DD /* GmailView.swift in Sources */,
				472F3AB0C78B22DCD65B3D15 /* GmailViewModel.swift in Sources */,
				08F06BC3769A8A9F49B8B5AE /* KeychainHelper.swift in Sources */,
				E27E3897995C633A280CCA7E /* LoginView.swift in Sources */,
				BBBAD1F16B9F9725870AA423 /* PersistenceController.swift in Sources */,
				AF37A07AB6DBD988BC6A6BE8 /* SettingsView.swift in Sources */,
				8BAF2671C99632758B9B44D4 /* Transaction.swift in Sources */,
				AA5F9890E57C2445AD7261A9 /* TransactionsView.swift in Sources */,
			);
			runOnlyForDeploymentPostprocessing = 0;
		};
/* End PBXSourcesBuildPhase section */

/* Begin XCBuildConfiguration section */
		3916A50781A842AA9ED2BE7C /* Release */ = {
			isa = XCBuildConfiguration;
			buildSettings = {
				ASSETCATALOG_COMPILER_APPICON_NAME = AppIcon;
				CODE_SIGN_ENTITLEMENTS = FinanceMate/FinanceMate.entitlements;
				CODE_SIGN_STYLE = Automatic;
				COMBINE_HIDPI_IMAGES = YES;
				DEVELOPMENT_TEAM = 7KV34995HH;
				ENABLE_HARDENED_RUNTIME = YES;
				INFOPLIST_FILE = FinanceMate/Info.plist;
				LD_RUNPATH_SEARCH_PATHS = (
					"$(inherited)",
					"@executable_path/../Frameworks",
				);
				MACOSX_DEPLOYMENT_TARGET = 14.0;
				PRODUCT_BUNDLE_IDENTIFIER = com.ablankcanvas.financemate;
				SDKROOT = macosx;
			};
			name = Release;
		};
		40FAA4664F9812F775A5365B /* Debug */ = {
			isa = XCBuildConfiguration;
			buildSettings = {
				ALWAYS_SEARCH_USER_PATHS = NO;
				CLANG_ANALYZER_NONNULL = YES;
				CLANG_ANALYZER_NUMBER_OBJECT_CONVERSION = YES_AGGRESSIVE;
				CLANG_CXX_LANGUAGE_STANDARD = "gnu++14";
				CLANG_CXX_LIBRARY = "libc++";
				CLANG_ENABLE_MODULES = YES;
				CLANG_ENABLE_OBJC_ARC = YES;
				CLANG_ENABLE_OBJC_WEAK = YES;
				CLANG_WARN_BLOCK_CAPTURE_AUTORELEASING = YES;
				CLANG_WARN_BOOL_CONVERSION = YES;
				CLANG_WARN_COMMA = YES;
				CLANG_WARN_CONSTANT_CONVERSION = YES;
				CLANG_WARN_DEPRECATED_OBJC_IMPLEMENTATIONS = YES;
				CLANG_WARN_DIRECT_OBJC_ISA_USAGE = YES_ERROR;
				CLANG_WARN_DOCUMENTATION_COMMENTS = YES;
				CLANG_WARN_EMPTY_BODY = YES;
				CLANG_WARN_ENUM_CONVERSION = YES;
				CLANG_WARN_INFINITE_RECURSION = YES;
				CLANG_WARN_INT_CONVERSION = YES;
				CLANG_WARN_NON_LITERAL_NULL_CONVERSION = YES;
				CLANG_WARN_OBJC_IMPLICIT_RETAIN_SELF = YES;
				CLANG_WARN_OBJC_LITERAL_CONVERSION = YES;
				CLANG_WARN_OBJC_ROOT_CLASS = YES_ERROR;
				CLANG_WARN_QUOTED_INCLUDE_IN_FRAMEWORK_HEADER = YES;
				CLANG_WARN_RANGE_LOOP_ANALYSIS = YES;
				CLANG_WARN_STRICT_PROTOTYPES = YES;
				CLANG_WARN_SUSPICIOUS_MOVE = YES;
				CLANG_WARN_UNGUARDED_AVAILABILITY = YES_AGGRESSIVE;
				CLANG_WARN_UNREACHABLE_CODE = YES;
				CLANG_WARN__DUPLICATE_METHOD_MATCH = YES;
				COPY_PHASE_STRIP = NO;
				DEBUG_INFORMATION_FORMAT = dwarf;
				ENABLE_STRICT_OBJC_MSGSEND = YES;
				ENABLE_TESTABILITY = YES;
				GCC_C_LANGUAGE_STANDARD = gnu11;
				GCC_DYNAMIC_NO_PIC = NO;
				GCC_NO_COMMON_BLOCKS = YES;
				GCC_OPTIMIZATION_LEVEL = 0;
				GCC_PREPROCESSOR_DEFINITIONS = (
					"$(inherited)",
					"DEBUG=1",
				);
				GCC_WARN_64_TO_32_BIT_CONVERSION = YES;
				GCC_WARN_ABOUT_RETURN_TYPE = YES_ERROR;
				GCC_WARN_UNDECLARED_SELECTOR = YES;
				GCC_WARN_UNINITIALIZED_AUTOS = YES_AGGRESSIVE;
				GCC_WARN_UNUSED_FUNCTION = YES;
				GCC_WARN_UNUSED_VARIABLE = YES;
				MACOSX_DEPLOYMENT_TARGET = 14.0;
				MTL_ENABLE_DEBUG_INFO = INCLUDE_SOURCE;
				MTL_FAST_MATH = YES;
				ONLY_ACTIVE_ARCH = YES;
				PRODUCT_NAME = "$(TARGET_NAME)";
				SDKROOT = macosx;
				SWIFT_ACTIVE_COMPILATION_CONDITIONS = DEBUG;
				SWIFT_OPTIMIZATION_LEVEL = "-Onone";
				SWIFT_VERSION = 5.0;
			};
			name = Debug;
		};
		750A36D2D63B2BA81739C099 /* Debug */ = {
			isa = XCBuildConfiguration;
			buildSettings = {
				ASSETCATALOG_COMPILER_APPICON_NAME = AppIcon;
				CODE_SIGN_ENTITLEMENTS = FinanceMate/FinanceMate.entitlements;
				CODE_SIGN_STYLE = Automatic;
				COMBINE_HIDPI_IMAGES = YES;
				DEVELOPMENT_TEAM = 7KV34995HH;
				ENABLE_HARDENED_RUNTIME = YES;
				INFOPLIST_FILE = FinanceMate/Info.plist;
				LD_RUNPATH_SEARCH_PATHS = (
					"$(inherited)",
					"@executable_path/../Frameworks",
				);
				MACOSX_DEPLOYMENT_TARGET = 14.0;
				PRODUCT_BUNDLE_IDENTIFIER = com.ablankcanvas.financemate;
				SDKROOT = macosx;
			};
			name = Debug;
		};
		E58F593C1EE7BAA2CFDD46CA /* Release */ = {
			isa = XCBuildConfiguration;
			buildSettings = {
				ALWAYS_SEARCH_USER_PATHS = NO;
				CLANG_ANALYZER_NONNULL = YES;
				CLANG_ANALYZER_NUMBER_OBJECT_CONVERSION = YES_AGGRESSIVE;
				CLANG_CXX_LANGUAGE_STANDARD = "gnu++14";
				CLANG_CXX_LIBRARY = "libc++";
				CLANG_ENABLE_MODULES = YES;
				CLANG_ENABLE_OBJC_ARC = YES;
				CLANG_ENABLE_OBJC_WEAK = YES;
				CLANG_WARN_BLOCK_CAPTURE_AUTORELEASING = YES;
				CLANG_WARN_BOOL_CONVERSION = YES;
				CLANG_WARN_COMMA = YES;
				CLANG_WARN_CONSTANT_CONVERSION = YES;
				CLANG_WARN_DEPRECATED_OBJC_IMPLEMENTATIONS = YES;
				CLANG_WARN_DIRECT_OBJC_ISA_USAGE = YES_ERROR;
				CLANG_WARN_DOCUMENTATION_COMMENTS = YES;
				CLANG_WARN_EMPTY_BODY = YES;
				CLANG_WARN_ENUM_CONVERSION = YES;
				CLANG_WARN_INFINITE_RECURSION = YES;
				CLANG_WARN_INT_CONVERSION = YES;
				CLANG_WARN_NON_LITERAL_NULL_CONVERSION = YES;
				CLANG_WARN_OBJC_IMPLICIT_RETAIN_SELF = YES;
				CLANG_WARN_OBJC_LITERAL_CONVERSION = YES;
				CLANG_WARN_OBJC_ROOT_CLASS = YES_ERROR;
				CLANG_WARN_QUOTED_INCLUDE_IN_FRAMEWORK_HEADER = YES;
				CLANG_WARN_RANGE_LOOP_ANALYSIS = YES;
				CLANG_WARN_STRICT_PROTOTYPES = YES;
				CLANG_WARN_SUSPICIOUS_MOVE = YES;
				CLANG_WARN_UNGUARDED_AVAILABILITY = YES_AGGRESSIVE;
				CLANG_WARN_UNREACHABLE_CODE = YES;
				CLANG_WARN__DUPLICATE_METHOD_MATCH = YES;
				COPY_PHASE_STRIP = NO;
				DEBUG_INFORMATION_FORMAT = "dwarf-with-dsym";
				ENABLE_NS_ASSERTIONS = NO;
				ENABLE_STRICT_OBJC_MSGSEND = YES;
				GCC_C_LANGUAGE_STANDARD = gnu11;
				GCC_NO_COMMON_BLOCKS = YES;
				GCC_WARN_64_TO_32_BIT_CONVERSION = YES;
				GCC_WARN_ABOUT_RETURN_TYPE = YES_ERROR;
				GCC_WARN_UNDECLARED_SELECTOR = YES;
				GCC_WARN_UNINITIALIZED_AUTOS = YES_AGGRESSIVE;
				GCC_WARN_UNUSED_FUNCTION = YES;
				GCC_WARN_UNUSED_VARIABLE = YES;
				MACOSX_DEPLOYMENT_TARGET = 14.0;
				MTL_ENABLE_DEBUG_INFO = NO;
				MTL_FAST_MATH = YES;
				PRODUCT_NAME = "$(TARGET_NAME)";
				SDKROOT = macosx;
				SWIFT_COMPILATION_MODE = wholemodule;
				SWIFT_OPTIMIZATION_LEVEL = "-O";
				SWIFT_VERSION = 5.0;
			};
			name = Release;
		};
/* End XCBuildConfiguration section */

/* Begin XCConfigurationList section */
		06DA17711CD05B771F369D44 /* Build configuration list for PBXProject "FinanceMate" */ = {
			isa = XCConfigurationList;
			buildConfigurations = (
				40FAA4664F9812F775A5365B /* Debug */,
				E58F593C1EE7BAA2CFDD46CA /* Release */,
			);
			defaultConfigurationIsVisible = 0;
			defaultConfigurationName = Debug;
		};
		3D3FA70917CC37F760050118 /* Build configuration list for PBXNativeTarget "FinanceMate" */ = {
			isa = XCConfigurationList;
			buildConfigurations = (
				750A36D2D63B2BA81739C099 /* Debug */,
				3916A50781A842AA9ED2BE7C /* Release */,
			);
			defaultConfigurationIsVisible = 0;
			defaultConfigurationName = Debug;
		};
/* End XCConfigurationList section */
	};
	rootObject = 7507F26843B0E919A679B42F /* Project object */;
}
