// !$*UTF8*$!
{
	archiveVersion = 1;
	classes = {
	};
	objectVersion = 63;
	objects = {

/* Begin PBXBuildFile section */
		0491A4FB569940FEB5690E10 /* FinancialEntityViewModelTests.swift in Sources */ = {isa = PBXBuildFile; fileRef = C16F2AC4A7984C9297A13B03 /* FinancialEntityViewModelTests.swift */; };
		0C910700B6434186BA21775E /* FinancialEntityViewModel.swift in Sources */ = {isa = PBXBuildFile; fileRef = 2E80A064386044349451977D /* FinancialEntityViewModel.swift */; };
		132B821DC9AFE622A644C547 /* CoreDataTests.swift in Sources */ = {isa = PBXBuildFile; fileRef = 18A7564542A80A706E6E2D11 /* CoreDataTests.swift */; };
		191A37A084EC09C6530C1BC7 /* Transaction.swift in Sources */ = {isa = PBXBuildFile; fileRef = 5B3687C5B96D2D8D3FD5D021 /* Transaction.swift */; };
		20852594BC4C2DA2D8FC71E9 /* SandboxUITests.swift in Sources */ = {isa = PBXBuildFile; fileRef = DD7F4D7F9BD2D9270B04D26A /* SandboxUITests.swift */; };
		25E1A4A0009D4E86A514BDE0 /* TransactionsView.swift in Sources */ = {isa = PBXBuildFile; fileRef = 12A4667FC12C467998B0A1B8 /* TransactionsView.swift */; };
		2701186814CDE270AC1A7424 /* ContentView.swift in Sources */ = {isa = PBXBuildFile; fileRef = EB16A903A72C89B031403998 /* ContentView.swift */; };
		29D1858EBCCBABB5AB0043A8 /* Transaction+CoreDataProperties.swift in Sources */ = {isa = PBXBuildFile; fileRef = 20BCAF7C498E04948893CAE3 /* Transaction+CoreDataProperties.swift */; };
		2B37EF5E2BA52029B8E507EE /* DashboardViewModel.swift in Sources */ = {isa = PBXBuildFile; fileRef = 4644212388479F3F7BF7B7DE /* DashboardViewModel.swift */; };
		2F964B2A58F0EEF8A2F41798 /* FinanceMateApp.swift in Sources */ = {isa = PBXBuildFile; fileRef = 410A7E6292E6838B8B31ACC9 /* FinanceMateApp.swift */; };
		367DABD88FB44283D6A54544 /* TransactionsViewModel.swift in Sources */ = {isa = PBXBuildFile; fileRef = F3E6B07F1FBE1C5755A4FE3F /* TransactionsViewModel.swift */; };
		3A2B1C0D9E8F765432100123 /* AddEditTransactionView.swift in Sources */ = {isa = PBXBuildFile; fileRef = A1B2C3D4E5F6789012345678 /* AddEditTransactionView.swift */; };
		4F2B70E89AE549E3AEFA2F86 /* AddEditTransactionView.swift in Sources */ = {isa = PBXBuildFile; fileRef = 994F717BD0FE4003BE6D8E12 /* AddEditTransactionView.swift */; };
		5A9CF29F20C1CA2BE4BE9B6C /* DashboardView.swift in Sources */ = {isa = PBXBuildFile; fileRef = BEBE0108D7643FFC7037489E /* DashboardView.swift */; };
		699D623E08FB451D9D223D51 /* PersistenceController.swift in Sources */ = {isa = PBXBuildFile; fileRef = F296CE01C635993EC3978BB7 /* PersistenceController.swift */; };
		7F6E5D4C3B2A109876543210 /* TransactionsView.swift in Sources */ = {isa = PBXBuildFile; fileRef = B9C8D7E6F5A4321098765432 /* TransactionsView.swift */; };
		7FC00D441A276278AB875BD6 /* ContentView.swift in Sources */ = {isa = PBXBuildFile; fileRef = E7DDB845997FA0B2558FFC85 /* ContentView.swift */; };
		814B2C32A9824FFCACC89492 /* FinanceMateModel.xcdatamodeld in Sources */ = {isa = PBXBuildFile; fileRef = 70B7356CBC8042894E6BE /* FinanceMateModel.xcdatamodeld */; };
		9799CFE5F4EFE5B0EA4F3FB4 /* GlassmorphismModifier.swift in Sources */ = {isa = PBXBuildFile; fileRef = 982B53D81E11C5895738D2D8 /* GlassmorphismModifier.swift */; };
		9D91295A2E47D061006359C1 /* TransactionsViewModel.swift in Sources */ = {isa = PBXBuildFile; fileRef = F3E6B07F1FBE1C5755A4FE3F /* TransactionsViewModel.swift */; };
		A66AE32C45175DC5CD75106C /* DashboardView.swift in Sources */ = {isa = PBXBuildFile; fileRef = 88211B32F54FEC04C1A3EE94 /* DashboardView.swift */; };
		AFDEE79B69BB56B3AF284F3D /* DashboardViewModelTests.swift in Sources */ = {isa = PBXBuildFile; fileRef = B34A9211E42A352FF0EE7BB3 /* DashboardViewModelTests.swift */; };
		APPLEAUTHPROVIDERBUILD25AB /* AppleAuthProvider.swift in Sources */ = {isa = PBXBuildFile; fileRef = APPLEAUTHPROVIDER2025AABB /* AppleAuthProvider.swift */; };
		ASSET2025BUILD001AABBCCDDEE /* Asset+CoreDataClass.swift in Sources */ = {isa = PBXBuildFile; fileRef = ASSET001COREDATA2025AABBCCDD /* Asset+CoreDataClass.swift */; };
		ASSET2025PROPERTIESBUILD01AA /* Asset+CoreDataProperties.swift in Sources */ = {isa = PBXBuildFile; fileRef = ASSET002PROPERTIES2025AABBCC /* Asset+CoreDataProperties.swift */; };
		ASSETBREAKDOWN2025BUILD01AAB /* AssetBreakdown+CoreDataClass.swift in Sources */ = {isa = PBXBuildFile; fileRef = ASSETBREAKDOWN001CORE2025AAB /* AssetBreakdown+CoreDataClass.swift */; };
		ASSETVALUATION2025BUILD01AAB /* AssetValuation+CoreDataClass.swift in Sources */ = {isa = PBXBuildFile; fileRef = ASSETVALUATION001CORE2025AAB /* AssetValuation+CoreDataClass.swift */; };
		AUDITBUILD2025COREDATAAABBC /* AuditLog+CoreDataClass.swift in Sources */ = {isa = PBXBuildFile; fileRef = AUDIT001COREDATA2025AABBCCDD /* AuditLog+CoreDataClass.swift */; };
		AUTHBUILD2025SERVICEAABBCCDD /* AuthenticationService.swift in Sources */ = {isa = PBXBuildFile; fileRef = AUTH001SERVICE2025AABBCCDD /* AuthenticationService.swift */; };
		AUTHBUILD2025VIEWMODELAABBCC /* AuthenticationViewModel.swift in Sources */ = {isa = PBXBuildFile; fileRef = AUTH002VIEWMODEL2025BBCCDDEE /* AuthenticationViewModel.swift */; };
		AUTHMANAGERBUILD2025AABB /* AuthenticationManager.swift in Sources */ = {isa = PBXBuildFile; fileRef = AUTHMANAGER2025AABBCC /* AuthenticationManager.swift */; };
		AUTHSTATEBUILD2025MANAGERAABB /* AuthenticationStateManager.swift in Sources */ = {isa = PBXBuildFile; fileRef = AUTHSTATE2025MANAGER2025AABBCC /* AuthenticationStateManager.swift */; };
		B4368C63FA45535A2DC3CD86 /* FinanceMateApp.swift in Sources */ = {isa = PBXBuildFile; fileRef = 662A4A927241648D838FFF8D /* FinanceMateApp.swift */; };
		D8522A3F30A034F05E3C65CD /* Transaction.swift in Sources */ = {isa = PBXBuildFile; fileRef = 335D8B1ACC194508B2AD00FB /* Transaction.swift */; };
		DDEBF69E356484B3589F299E /* GlassmorphismModifier.swift in Sources */ = {isa = PBXBuildFile; fileRef = D930C6316FF88FC1E6BCF1AC /* GlassmorphismModifier.swift */; };
		E70C7B685A1D67B84A2456CE /* PersistenceController.swift in Sources */ = {isa = PBXBuildFile; fileRef = DB928E564674C202C56CACF9 /* PersistenceController.swift */; };
		EF66D6C92F70B5DD876011D7 /* Transaction+CoreDataProperties.swift in Sources */ = {isa = PBXBuildFile; fileRef = 8602766C1FC946F731EDB095 /* Transaction+CoreDataProperties.swift */; };
		F04428F65AB9FC74728D6A2A /* FinanceMateUITests.swift in Sources */ = {isa = PBXBuildFile; fileRef = 9EDE60A858ADA7C1B1091303 /* FinanceMateUITests.swift */; };
		F09E9EB567C3E5224B4A75A9 /* DashboardViewModel.swift in Sources */ = {isa = PBXBuildFile; fileRef = BEBC2B26C6C3E10D334445AC /* DashboardViewModel.swift */; };
		F650BAE9C9FDD9E4C659D39B /* TransactionsViewModelTests.swift in Sources */ = {isa = PBXBuildFile; fileRef = 16E5FC92E8729141B4E8A759 /* TransactionsViewModelTests.swift */; };
		FE33C3C2F62DDCABD4669850 /* DashboardViewUITests.swift in Sources */ = {isa = PBXBuildFile; fileRef = E7E40ABD77656855B2EBDA57 /* DashboardViewUITests.swift */; };
		FEDCBA0987654321FEDCBA01 /* LineItemViewModel.swift in Sources */ = {isa = PBXBuildFile; fileRef = ABCDEF0123456789ABCDEF01 /* LineItemViewModel.swift */; };
		FEDCBA0987654321FEDCBA02 /* SplitAllocationViewModel.swift in Sources */ = {isa = PBXBuildFile; fileRef = ABCDEF0123456789ABCDEF02 /* SplitAllocationViewModel.swift */; };
		FEDCBA0987654321FEDCBA03 /* SettingsViewModel.swift in Sources */ = {isa = PBXBuildFile; fileRef = ABCDEF0123456789ABCDEF03 /* SettingsViewModel.swift */; };
		FEDCBA0987654321FEDCBA04 /* LineItemViewModelTests.swift in Sources */ = {isa = PBXBuildFile; fileRef = ABCDEF0123456789ABCDEF04 /* LineItemViewModelTests.swift */; };
		FEDCBA0987654321FEDCBA05 /* SplitAllocationViewModelTests.swift in Sources */ = {isa = PBXBuildFile; fileRef = ABCDEF0123456789ABCDEF05 /* SplitAllocationViewModelTests.swift */; };
		FINANCIALENTITY2025BUILD01 /* FinanceMate/FinanceMate/Models/FinancialEntity+CoreDataClass.swift in Sources */ = {isa = PBXBuildFile; fileRef = FINANCIALENTITY001CORE2025 /* FinanceMate/FinanceMate/Models/FinancialEntity+CoreDataClass.swift */; };
		GOOGLEAUTHPROVIDERBUILD25AB /* GoogleAuthProvider.swift in Sources */ = {isa = PBXBuildFile; fileRef = GOOGLEAUTHPROVIDER2025AABB /* GoogleAuthProvider.swift */; };
		LIABILITY2025BUILD001AABBCC /* Liability+CoreDataClass.swift in Sources */ = {isa = PBXBuildFile; fileRef = LIABILITY001COREDATA2025AABB /* Liability+CoreDataClass.swift */; };
		LIABILITY2025PROPERTIESBLD01 /* Liability+CoreDataProperties.swift in Sources */ = {isa = PBXBuildFile; fileRef = LIABILITY002PROPERTIES2025AA /* Liability+CoreDataProperties.swift */; };
		LIABILITYBREAKDOWN2025BUILD1 /* LiabilityBreakdown+CoreDataClass.swift in Sources */ = {isa = PBXBuildFile; fileRef = LIABILITYBREAKDOWN001CORE25 /* LiabilityBreakdown+CoreDataClass.swift */; };
		LIABILITYPAYMENT2025BUILD01 /* LiabilityPayment+CoreDataClass.swift in Sources */ = {isa = PBXBuildFile; fileRef = LIABILITYPAYMENT001CORE2025 /* LiabilityPayment+CoreDataClass.swift */; };
		NETWEALTH2025BUILD001AABBCC /* NetWealthService.swift in Sources */ = {isa = PBXBuildFile; fileRef = NETWEALTH002SERVICE2025AABBCC /* NetWealthService.swift */; };
		NETWEALTH2025TESTAABBCCDD /* NetWealthServiceTests.swift in Sources */ = {isa = PBXBuildFile; fileRef = NETWEALTH001TEST2025AABBCC /* NetWealthServiceTests.swift */; };
		NETWEALTHDASHVIEW2025BUILD01 /* Dashboard/NetWealthDashboardView.swift in Sources */ = {isa = PBXBuildFile; fileRef = NETWEALTHDASHVIEW001AABBCC /* Dashboard/NetWealthDashboardView.swift */; };
		NETWEALTHDASHVM2025BUILD01 /* NetWealthDashboardViewModel.swift in Sources */ = {isa = PBXBuildFile; fileRef = NETWEALTHDASHVM001AABBCC /* NetWealthDashboardViewModel.swift */; };
		NETWEALTHSNAPSHOT2025BUILD01 /* NetWealthSnapshot+CoreDataClass.swift in Sources */ = {isa = PBXBuildFile; fileRef = NETWEALTHSNAPSHOT001CORE2025 /* NetWealthSnapshot+CoreDataClass.swift */; };
		SESSIONBUILD2025MODELAABBCC /* UserSession.swift in Sources */ = {isa = PBXBuildFile; fileRef = SESSION001MODEL2025AABBCCDD /* UserSession.swift */; };
		SESSIONMANAGERBUILD2025AABB /* SessionManager.swift in Sources */ = {isa = PBXBuildFile; fileRef = SESSIONMANAGER2025AABBCC /* SessionManager.swift */; };
		TOKENSTORAGEBUILD2025AABB /* TokenStorage.swift in Sources */ = {isa = PBXBuildFile; fileRef = TOKENSTORAGE2025AABBCCDD /* TokenStorage.swift */; };
		USERBUILD2025COREDATAAABBCC /* User+CoreDataClass.swift in Sources */ = {isa = PBXBuildFile; fileRef = USER001COREDATA2025AABBCCDD /* User+CoreDataClass.swift */; };
		USERBUILD2025ROLEBBCCDDEE /* UserRole.swift in Sources */ = {isa = PBXBuildFile; fileRef = USER002ROLE2025BBCCDDEE /* UserRole.swift */; };
		USERPROFILEMANAGERBUILD25AB /* UserProfileManager.swift in Sources */ = {isa = PBXBuildFile; fileRef = USERPROFILEMANAGER2025AABB /* UserProfileManager.swift */; };
		VIEWBUILD987654321BUILD01 /* LineItemEntryView.swift in Sources */ = {isa = PBXBuildFile; fileRef = VIEWREF0123456789VIEWREF01 /* LineItemEntryView.swift */; };
		VIEWBUILD987654321BUILD02 /* SplitAllocationView.swift in Sources */ = {isa = PBXBuildFile; fileRef = VIEWREF0123456789VIEWREF02 /* SplitAllocationView.swift */; };

		4560E5D5A7754C04B4AA9142 /* EmailConnectorService.swift in Sources */ = {isa = PBXBuildFile; fileRef = 821666A41600414EB6E9B0D6 /* EmailConnectorService.swift */; };
		AA3BFC582EF9401EB2B7E7BA /* GmailAPIService.swift in Sources */ = {isa = PBXBuildFile; fileRef = D98B1EF850DC4B32A0581735 /* GmailAPIService.swift */; };
		7F0D4DBDD4554A3FB5A63785 /* EmailOAuthManager.swift in Sources */ = {isa = PBXBuildFile; fileRef = F344DAFDCF8E40C5A50B609C /* EmailOAuthManager.swift */; };
		FF74955F8EF54575A8531646 /* ProductionAPIConfig.swift in Sources */ = {isa = PBXBuildFile; fileRef = 17067FACC1CC4E67A468793E /* ProductionAPIConfig.swift */; };
		CFD483B3EDC4E798493D9CE1 /* EmailConnectorView.swift in Sources */ = {isa = PBXBuildFile; fileRef = EAF26B877909468A8F2C52BD /* EmailConnectorView.swift */; };
		BA62A2E3F8CF413D85E32CF8 /* ChatbotDrawerView.swift in Sources */ = {isa = PBXBuildFile; fileRef = 9F639BCA7696494F8DDA81D8 /* ChatbotDrawerView.swift */; };
/* End PBXBuildFile section */

/* Begin PBXContainerItemProxy section */
		0E63A1EB361AFBF04C96881B /* PBXContainerItemProxy */ = {
			isa = PBXContainerItemProxy;
			containerPortal = 7507F26843B0E919A679B42F /* Project object */;
			proxyType = 1;
			remoteGlobalIDString = 9BCE076CC14C69F83263D6C5;
			remoteInfo = FinanceMate;
		};
		138A404DDC3A4DC8C154125F /* PBXContainerItemProxy */ = {
			isa = PBXContainerItemProxy;
			containerPortal = 7507F26843B0E919A679B42F /* Project object */;
			proxyType = 1;
			remoteGlobalIDString = 00B722C1D764E6BAD21C93D5;
			remoteInfo = "FinanceMate-Sandbox";
		};
		8FF140FD142FBF4473C7DAD3 /* PBXContainerItemProxy */ = {
			isa = PBXContainerItemProxy;
			containerPortal = 7507F26843B0E919A679B42F /* Project object */;
			proxyType = 1;
			remoteGlobalIDString = 00B722C1D764E6BAD21C93D5;
			remoteInfo = "FinanceMate-Sandbox";
		};
		9F33F263AB5B42C987B2F220 /* PBXContainerItemProxy */ = {
			isa = PBXContainerItemProxy;
			containerPortal = 7507F26843B0E919A679B42F /* Project object */;
			proxyType = 1;
			remoteGlobalIDString = 9BCE076CC14C69F83263D6C5;
			remoteInfo = FinanceMate;
		};
/* End PBXContainerItemProxy section */

/* Begin PBXFileReference section */
		12A4667FC12C467998B0A1B8 /* TransactionsView.swift */ = {isa = PBXFileReference; lastKnownFileType = sourcecode.swift; path = TransactionsView.swift; sourceTree = "<group>"; };
		16E5FC92E8729141B4E8A759 /* TransactionsViewModelTests.swift */ = {isa = PBXFileReference; lastKnownFileType = sourcecode.swift; path = TransactionsViewModelTests.swift; sourceTree = "<group>"; };
		18A7564542A80A706E6E2D11 /* CoreDataTests.swift */ = {isa = PBXFileReference; lastKnownFileType = sourcecode.swift; path = CoreDataTests.swift; sourceTree = "<group>"; };
		20BCAF7C498E04948893CAE3 /* Transaction+CoreDataProperties.swift */ = {isa = PBXFileReference; lastKnownFileType = sourcecode.swift; path = "Transaction+CoreDataProperties.swift"; sourceTree = "<group>"; };
		2E80A064386044349451977D /* FinancialEntityViewModel.swift */ = {isa = PBXFileReference; lastKnownFileType = sourcecode.swift; path = FinancialEntityViewModel.swift; sourceTree = "<group>"; };
		335D8B1ACC194508B2AD00FB /* Transaction.swift */ = {isa = PBXFileReference; lastKnownFileType = sourcecode.swift; path = Transaction.swift; sourceTree = "<group>"; };
		3C16290D7272817AAF689EF1 /* Info.plist */ = {isa = PBXFileReference; lastKnownFileType = text.plist; path = Info.plist; sourceTree = "<group>"; };
		410A7E6292E6838B8B31ACC9 /* FinanceMateApp.swift */ = {isa = PBXFileReference; lastKnownFileType = sourcecode.swift; path = FinanceMateApp.swift; sourceTree = "<group>"; };
		4644212388479F3F7BF7B7DE /* DashboardViewModel.swift */ = {isa = PBXFileReference; lastKnownFileType = sourcecode.swift; path = DashboardViewModel.swift; sourceTree = "<group>"; };
		58D5D5FC33EC4AF8BA804084 /* Info.plist */ = {isa = PBXFileReference; lastKnownFileType = text.plist; path = Info.plist; sourceTree = "<group>"; };
		5B3687C5B96D2D8D3FD5D021 /* Transaction.swift */ = {isa = PBXFileReference; lastKnownFileType = sourcecode.swift; path = Transaction.swift; sourceTree = "<group>"; };
		662A4A927241648D838FFF8D /* FinanceMateApp.swift */ = {isa = PBXFileReference; lastKnownFileType = sourcecode.swift; path = FinanceMateApp.swift; sourceTree = "<group>"; };
		6739C77AA68EBF5A329F159C /* FinanceMate-SandboxUITests.xctest */ = {isa = PBXFileReference; explicitFileType = wrapper.cfbundle; includeInIndex = 0; path = "FinanceMate-SandboxUITests.xctest"; sourceTree = BUILT_PRODUCTS_DIR; };
		6AD7F62BE980B30C777D9BCC /* FinanceMate.app */ = {isa = PBXFileReference; explicitFileType = wrapper.application; includeInIndex = 0; path = FinanceMate.app; sourceTree = BUILT_PRODUCTS_DIR; };
		70B7356CBC8042894E6BE /* FinanceMateModel.xcdatamodeld */ = {isa = PBXFileReference; lastKnownFileType = wrapper.xcdatamodel; path = FinanceMateModel.xcdatamodeld; sourceTree = "<group>"; };
		7853DF048EF040568AC2A67B /* LoginView.swift */ = {isa = PBXFileReference; lastKnownFileType = sourcecode.swift; path = LoginView.swift; sourceTree = "<group>"; };
		8602766C1FC946F731EDB095 /* Transaction+CoreDataProperties.swift */ = {isa = PBXFileReference; lastKnownFileType = sourcecode.swift; path = "Transaction+CoreDataProperties.swift"; sourceTree = "<group>"; };
		88211B32F54FEC04C1A3EE94 /* DashboardView.swift */ = {isa = PBXFileReference; lastKnownFileType = sourcecode.swift; path = DashboardView.swift; sourceTree = "<group>"; };
		9142439AEB0144D6AD57275A /* SplitAllocation+CoreDataClass.swift */ = {isa = PBXFileReference; lastKnownFileType = sourcecode.swift; path = "SplitAllocation+CoreDataClass.swift"; sourceTree = "<group>"; };
		982B53D81E11C5895738D2D8 /* GlassmorphismModifier.swift */ = {isa = PBXFileReference; lastKnownFileType = sourcecode.swift; path = GlassmorphismModifier.swift; sourceTree = "<group>"; };
		994F717BD0FE4003BE6D8E12 /* AddEditTransactionView.swift */ = {isa = PBXFileReference; lastKnownFileType = sourcecode.swift; path = AddEditTransactionView.swift; sourceTree = "<group>"; };
		9D91295C2E47D071006359C1 /* FinanceMate.entitlements */ = {isa = PBXFileReference; lastKnownFileType = text.plist.entitlements; name = FinanceMate.entitlements; path = FinanceMate/FinanceMate.entitlements; sourceTree = "<group>"; };
		9EDE60A858ADA7C1B1091303 /* FinanceMateUITests.swift */ = {isa = PBXFileReference; lastKnownFileType = sourcecode.swift; path = FinanceMateUITests.swift; sourceTree = "<group>"; };
		A1B2C3D4E5F6789012345678 /* AddEditTransactionView.swift */ = {isa = PBXFileReference; lastKnownFileType = sourcecode.swift; path = AddEditTransactionView.swift; sourceTree = "<group>"; };
		A27BF3AB4D506A65A051FBED /* Info.plist */ = {isa = PBXFileReference; lastKnownFileType = text.plist; path = Info.plist; sourceTree = "<group>"; };
		A9E9BAB75A2AC15CC3846C01 /* FinanceMateUITests.xctest */ = {isa = PBXFileReference; explicitFileType = wrapper.cfbundle; includeInIndex = 0; path = FinanceMateUITests.xctest; sourceTree = BUILT_PRODUCTS_DIR; };
		ABCDEF0123456789ABCDEF01 /* LineItemViewModel.swift */ = {isa = PBXFileReference; lastKnownFileType = sourcecode.swift; path = LineItemViewModel.swift; sourceTree = "<group>"; };
		ABCDEF0123456789ABCDEF02 /* SplitAllocationViewModel.swift */ = {isa = PBXFileReference; lastKnownFileType = sourcecode.swift; path = SplitAllocationViewModel.swift; sourceTree = "<group>"; };
		ABCDEF0123456789ABCDEF03 /* SettingsViewModel.swift */ = {isa = PBXFileReference; lastKnownFileType = sourcecode.swift; path = SettingsViewModel.swift; sourceTree = "<group>"; };
		ABCDEF0123456789ABCDEF04 /* LineItemViewModelTests.swift */ = {isa = PBXFileReference; lastKnownFileType = sourcecode.swift; path = LineItemViewModelTests.swift; sourceTree = "<group>"; };
		ABCDEF0123456789ABCDEF05 /* SplitAllocationViewModelTests.swift */ = {isa = PBXFileReference; lastKnownFileType = sourcecode.swift; path = SplitAllocationViewModelTests.swift; sourceTree = "<group>"; };
		APPLEAUTHPROVIDER2025AABB /* AppleAuthProvider.swift */ = {isa = PBXFileReference; lastKnownFileType = sourcecode.swift; path = AppleAuthProvider.swift; sourceTree = "<group>"; };
		ASSET001COREDATA2025AABBCCDD /* Asset+CoreDataClass.swift */ = {isa = PBXFileReference; lastKnownFileType = sourcecode.swift; path = "Asset+CoreDataClass.swift"; sourceTree = "<group>"; };
		ASSET002PROPERTIES2025AABBCC /* Asset+CoreDataProperties.swift */ = {isa = PBXFileReference; lastKnownFileType = sourcecode.swift; path = "Asset+CoreDataProperties.swift"; sourceTree = "<group>"; };
		ASSETBREAKDOWN001CORE2025AAB /* AssetBreakdown+CoreDataClass.swift */ = {isa = PBXFileReference; lastKnownFileType = sourcecode.swift; path = "AssetBreakdown+CoreDataClass.swift"; sourceTree = "<group>"; };
		ASSETVALUATION001CORE2025AAB /* AssetValuation+CoreDataClass.swift */ = {isa = PBXFileReference; lastKnownFileType = sourcecode.swift; path = "AssetValuation+CoreDataClass.swift"; sourceTree = "<group>"; };
		AUDIT001COREDATA2025AABBCCDD /* AuditLog+CoreDataClass.swift */ = {isa = PBXFileReference; lastKnownFileType = sourcecode.swift; path = "AuditLog+CoreDataClass.swift"; sourceTree = "<group>"; };
		AUTH001SERVICE2025AABBCCDD /* AuthenticationService.swift */ = {isa = PBXFileReference; lastKnownFileType = sourcecode.swift; path = AuthenticationService.swift; sourceTree = "<group>"; };
		AUTH002VIEWMODEL2025BBCCDDEE /* AuthenticationViewModel.swift */ = {isa = PBXFileReference; lastKnownFileType = sourcecode.swift; path = AuthenticationViewModel.swift; sourceTree = "<group>"; };
		AUTHMANAGER2025AABBCC /* AuthenticationManager.swift */ = {isa = PBXFileReference; lastKnownFileType = sourcecode.swift; path = AuthenticationManager.swift; sourceTree = "<group>"; };
		AUTHSTATE2025MANAGER2025AABBCC /* AuthenticationStateManager.swift */ = {isa = PBXFileReference; lastKnownFileType = sourcecode.swift; path = AuthenticationStateManager.swift; sourceTree = "<group>"; };
		B34A9211E42A352FF0EE7BB3 /* DashboardViewModelTests.swift */ = {isa = PBXFileReference; lastKnownFileType = sourcecode.swift; path = DashboardViewModelTests.swift; sourceTree = "<group>"; };
		B7D61EA8420A47BE9AFBA841 /* SplitAllocation+CoreDataProperties.swift */ = {isa = PBXFileReference; lastKnownFileType = sourcecode.swift; path = "SplitAllocation+CoreDataProperties.swift"; sourceTree = "<group>"; };
		B9C8D7E6F5A4321098765432 /* TransactionsView.swift */ = {isa = PBXFileReference; lastKnownFileType = sourcecode.swift; path = TransactionsView.swift; sourceTree = "<group>"; };
		BAC0FA673BDE8462482E97C2 /* FinanceMateTests.xctest */ = {isa = PBXFileReference; explicitFileType = wrapper.cfbundle; includeInIndex = 0; path = FinanceMateTests.xctest; sourceTree = BUILT_PRODUCTS_DIR; };
		BEBC2B26C6C3E10D334445AC /* DashboardViewModel.swift */ = {isa = PBXFileReference; lastKnownFileType = sourcecode.swift; path = DashboardViewModel.swift; sourceTree = "<group>"; };
		BEBE0108D7643FFC7037489E /* DashboardView.swift */ = {isa = PBXFileReference; lastKnownFileType = sourcecode.swift; path = DashboardView.swift; sourceTree = "<group>"; };
		C16F2AC4A7984C9297A13B03 /* FinancialEntityViewModelTests.swift */ = {isa = PBXFileReference; lastKnownFileType = sourcecode.swift; path = FinancialEntityViewModelTests.swift; sourceTree = "<group>"; };
		D640B0CF03F149259D4B7168 /* LineItem+CoreDataClass.swift */ = {isa = PBXFileReference; lastKnownFileType = sourcecode.swift; path = "LineItem+CoreDataClass.swift"; sourceTree = "<group>"; };
		D930C6316FF88FC1E6BCF1AC /* GlassmorphismModifier.swift */ = {isa = PBXFileReference; lastKnownFileType = sourcecode.swift; path = GlassmorphismModifier.swift; sourceTree = "<group>"; };
		DB928E564674C202C56CACF9 /* PersistenceController.swift */ = {isa = PBXFileReference; lastKnownFileType = sourcecode.swift; path = PersistenceController.swift; sourceTree = "<group>"; };
		DD7F4D7F9BD2D9270B04D26A /* SandboxUITests.swift */ = {isa = PBXFileReference; lastKnownFileType = sourcecode.swift; path = SandboxUITests.swift; sourceTree = "<group>"; };
		E20AEABA51A04450A47D811C /* LineItem+CoreDataProperties.swift */ = {isa = PBXFileReference; lastKnownFileType = sourcecode.swift; path = "LineItem+CoreDataProperties.swift"; sourceTree = "<group>"; };
		E7DDB845997FA0B2558FFC85 /* ContentView.swift */ = {isa = PBXFileReference; lastKnownFileType = sourcecode.swift; path = ContentView.swift; sourceTree = "<group>"; };
		E7E40ABD77656855B2EBDA57 /* DashboardViewUITests.swift */ = {isa = PBXFileReference; lastKnownFileType = sourcecode.swift; path = DashboardViewUITests.swift; sourceTree = "<group>"; };
		EB16A903A72C89B031403998 /* ContentView.swift */ = {isa = PBXFileReference; lastKnownFileType = sourcecode.swift; path = ContentView.swift; sourceTree = "<group>"; };
		F296CE01C635993EC3978BB7 /* PersistenceController.swift */ = {isa = PBXFileReference; lastKnownFileType = sourcecode.swift; path = PersistenceController.swift; sourceTree = "<group>"; };
		F3E6B07F1FBE1C5755A4FE3F /* TransactionsViewModel.swift */ = {isa = PBXFileReference; lastKnownFileType = sourcecode.swift; path = TransactionsViewModel.swift; sourceTree = "<group>"; };
		F61A461D166AD2E60C0C5BB0 /* FinanceMate-Sandbox.app */ = {isa = PBXFileReference; explicitFileType = wrapper.application; includeInIndex = 0; path = "FinanceMate-Sandbox.app"; sourceTree = BUILT_PRODUCTS_DIR; };
		FE009BDDF914C8A1D4B4DF4F /* FinanceMate-SandboxTests.xctest */ = {isa = PBXFileReference; explicitFileType = wrapper.cfbundle; includeInIndex = 0; path = "FinanceMate-SandboxTests.xctest"; sourceTree = BUILT_PRODUCTS_DIR; };
		FINANCIALENTITY001CORE2025 /* FinanceMate/FinanceMate/Models/FinancialEntity+CoreDataClass.swift */ = {isa = PBXFileReference; lastKnownFileType = sourcecode.swift; path = "FinanceMate/FinanceMate/Models/FinancialEntity+CoreDataClass.swift"; sourceTree = "<group>"; };
		GOOGLEAUTHPROVIDER2025AABB /* GoogleAuthProvider.swift */ = {isa = PBXFileReference; lastKnownFileType = sourcecode.swift; path = GoogleAuthProvider.swift; sourceTree = "<group>"; };
		LIABILITY001COREDATA2025AABB /* Liability+CoreDataClass.swift */ = {isa = PBXFileReference; lastKnownFileType = sourcecode.swift; path = "Liability+CoreDataClass.swift"; sourceTree = "<group>"; };
		LIABILITY002PROPERTIES2025AA /* Liability+CoreDataProperties.swift */ = {isa = PBXFileReference; lastKnownFileType = sourcecode.swift; path = "Liability+CoreDataProperties.swift"; sourceTree = "<group>"; };
		LIABILITYBREAKDOWN001CORE25 /* LiabilityBreakdown+CoreDataClass.swift */ = {isa = PBXFileReference; lastKnownFileType = sourcecode.swift; path = "LiabilityBreakdown+CoreDataClass.swift"; sourceTree = "<group>"; };
		LIABILITYPAYMENT001CORE2025 /* LiabilityPayment+CoreDataClass.swift */ = {isa = PBXFileReference; lastKnownFileType = sourcecode.swift; path = "LiabilityPayment+CoreDataClass.swift"; sourceTree = "<group>"; };
		NETWEALTH001TEST2025AABBCC /* NetWealthServiceTests.swift */ = {isa = PBXFileReference; lastKnownFileType = sourcecode.swift; path = NetWealthServiceTests.swift; sourceTree = "<group>"; };
		NETWEALTH002SERVICE2025AABBCC /* NetWealthService.swift */ = {isa = PBXFileReference; lastKnownFileType = sourcecode.swift; path = NetWealthService.swift; sourceTree = "<group>"; };
		NETWEALTHDASHVIEW001AABBCC /* Dashboard/NetWealthDashboardView.swift */ = {isa = PBXFileReference; lastKnownFileType = sourcecode.swift; path = Dashboard/NetWealthDashboardView.swift; sourceTree = "<group>"; };
		NETWEALTHDASHVM001AABBCC /* NetWealthDashboardViewModel.swift */ = {isa = PBXFileReference; lastKnownFileType = sourcecode.swift; path = NetWealthDashboardViewModel.swift; sourceTree = "<group>"; };
		NETWEALTHSNAPSHOT001CORE2025 /* NetWealthSnapshot+CoreDataClass.swift */ = {isa = PBXFileReference; lastKnownFileType = sourcecode.swift; path = "NetWealthSnapshot+CoreDataClass.swift"; sourceTree = "<group>"; };
		SESSION001MODEL2025AABBCCDD /* UserSession.swift */ = {isa = PBXFileReference; lastKnownFileType = sourcecode.swift; path = UserSession.swift; sourceTree = "<group>"; };
		SESSIONMANAGER2025AABBCC /* SessionManager.swift */ = {isa = PBXFileReference; lastKnownFileType = sourcecode.swift; path = SessionManager.swift; sourceTree = "<group>"; };
		TOKENSTORAGE2025AABBCCDD /* TokenStorage.swift */ = {isa = PBXFileReference; lastKnownFileType = sourcecode.swift; path = TokenStorage.swift; sourceTree = "<group>"; };
		USER001COREDATA2025AABBCCDD /* User+CoreDataClass.swift */ = {isa = PBXFileReference; lastKnownFileType = sourcecode.swift; path = "User+CoreDataClass.swift"; sourceTree = "<group>"; };
		USER002ROLE2025BBCCDDEE /* UserRole.swift */ = {isa = PBXFileReference; lastKnownFileType = sourcecode.swift; path = UserRole.swift; sourceTree = "<group>"; };
		USERPROFILEMANAGER2025AABB /* UserProfileManager.swift */ = {isa = PBXFileReference; lastKnownFileType = sourcecode.swift; path = UserProfileManager.swift; sourceTree = "<group>"; };
		VIEWREF0123456789VIEWREF01 /* LineItemEntryView.swift */ = {isa = PBXFileReference; lastKnownFileType = sourcecode.swift; path = LineItemEntryView.swift; sourceTree = "<group>"; };
		VIEWREF0123456789VIEWREF02 /* SplitAllocationView.swift */ = {isa = PBXFileReference; lastKnownFileType = sourcecode.swift; path = SplitAllocationView.swift; sourceTree = "<group>"; };

		821666A41600414EB6E9B0D6 /* EmailConnectorService.swift */ = {isa = PBXFileReference; lastKnownFileType = sourcecode.swift; path = EmailConnectorService.swift; sourceTree = "<group>"; };
		D98B1EF850DC4B32A0581735 /* GmailAPIService.swift */ = {isa = PBXFileReference; lastKnownFileType = sourcecode.swift; path = GmailAPIService.swift; sourceTree = "<group>"; };
		F344DAFDCF8E40C5A50B609C /* EmailOAuthManager.swift */ = {isa = PBXFileReference; lastKnownFileType = sourcecode.swift; path = EmailOAuthManager.swift; sourceTree = "<group>"; };
		17067FACC1CC4E67A468793E /* ProductionAPIConfig.swift */ = {isa = PBXFileReference; lastKnownFileType = sourcecode.swift; path = ProductionAPIConfig.swift; sourceTree = "<group>"; };
		EAF26B877909468A8F2C52BD /* EmailConnectorView.swift */ = {isa = PBXFileReference; lastKnownFileType = sourcecode.swift; path = EmailConnectorView.swift; sourceTree = "<group>"; };
		9F639BCA7696494F8DDA81D8 /* ChatbotDrawerView.swift */ = {isa = PBXFileReference; lastKnownFileType = sourcecode.swift; path = ChatbotDrawerView.swift; sourceTree = "<group>"; };
/* End PBXFileReference section */

/* Begin PBXGroup section */
		2973720C2939DD407F7C44AB /* ViewModels */ = {
			isa = PBXGroup;
			children = (
				B34A9211E42A352FF0EE7BB3 /* DashboardViewModelTests.swift */,
				ABCDEF0123456789ABCDEF04 /* LineItemViewModelTests.swift */,
				ABCDEF0123456789ABCDEF05 /* SplitAllocationViewModelTests.swift */,
				C16F2AC4A7984C9297A13B03 /* FinancialEntityViewModelTests.swift */,
			);
			path = ViewModels;
			sourceTree = "<group>";
		};
		45AF28BC788310D6DE1BB7B7 /* FinanceMateUITests */ = {
			isa = PBXGroup;
			children = (
				E7E40ABD77656855B2EBDA57 /* DashboardViewUITests.swift */,
				9EDE60A858ADA7C1B1091303 /* FinanceMateUITests.swift */,
				A27BF3AB4D506A65A051FBED /* Info.plist */,
			);
			path = FinanceMateUITests;
			sourceTree = "<group>";
		};
		664632500DD526A9BDF8015A = {
			isa = PBXGroup;
			children = (
				9D91295C2E47D071006359C1 /* FinanceMate.entitlements */,
				B3A41A1EAABC64624A0AE70C /* FinanceMate-SandboxTests */,
				7CBB836387267E0FBB199A49 /* FinanceMate-SandboxUITests */,
				7308F6148B7F7F3D4078AC88 /* FinanceMateTests */,
				45AF28BC788310D6DE1BB7B7 /* FinanceMateUITests */,
				7CE20DB0B842FC5FABC9AF2E /* Sources */,
				C95C8634859A3485875FF355 /* Sources */,
				C190AFCE18F9B21044E96663 /* Products */,
				9D91295B2E47D061006359C1 /* Recovered References */,
			);
			sourceTree = "<group>";
		};
		7308F6148B7F7F3D4078AC88 /* FinanceMateTests */ = {
			isa = PBXGroup;
			children = (
				18A7564542A80A706E6E2D11 /* CoreDataTests.swift */,
				3C16290D7272817AAF689EF1 /* Info.plist */,
				2973720C2939DD407F7C44AB /* ViewModels */,
				SERVICES2025TESTGROUPAABBCC /* Services */,
			);
			path = FinanceMateTests;
			sourceTree = "<group>";
		};
		7CBB836387267E0FBB199A49 /* FinanceMate-SandboxUITests */ = {
			isa = PBXGroup;
			children = (
				DD7F4D7F9BD2D9270B04D26A /* SandboxUITests.swift */,
			);
			path = "FinanceMate-SandboxUITests";
			sourceTree = "<group>";
		};
		7CE20DB0B842FC5FABC9AF2E /* Sources */ = {
			isa = PBXGroup;
			children = (
				58D5D5FC33EC4AF8BA804084 /* Info.plist */,
				D60DC3A2EFAEF4C96A02DA65 /* FinanceMate */,
			);
			name = Sources;
			path = FinanceMate;
			sourceTree = "<group>";
		};
		8758F37C3AB9785E601B422B /* Models */ = {
			isa = PBXGroup;
			children = (
				335D8B1ACC194508B2AD00FB /* Transaction.swift */,
				20BCAF7C498E04948893CAE3 /* Transaction+CoreDataProperties.swift */,
				D640B0CF03F149259D4B7168 /* LineItem+CoreDataClass.swift */,
				E20AEABA51A04450A47D811C /* LineItem+CoreDataProperties.swift */,
				9142439AEB0144D6AD57275A /* SplitAllocation+CoreDataClass.swift */,
				B7D61EA8420A47BE9AFBA841 /* SplitAllocation+CoreDataProperties.swift */,
				ASSET001COREDATA2025AABBCCDD /* Asset+CoreDataClass.swift */,
				ASSET002PROPERTIES2025AABBCC /* Asset+CoreDataProperties.swift */,
				LIABILITY001COREDATA2025AABB /* Liability+CoreDataClass.swift */,
				LIABILITY002PROPERTIES2025AA /* Liability+CoreDataProperties.swift */,
				NETWEALTHSNAPSHOT001CORE2025 /* NetWealthSnapshot+CoreDataClass.swift */,
				ASSETVALUATION001CORE2025AAB /* AssetValuation+CoreDataClass.swift */,
				ASSETBREAKDOWN001CORE2025AAB /* AssetBreakdown+CoreDataClass.swift */,
				LIABILITYBREAKDOWN001CORE25 /* LiabilityBreakdown+CoreDataClass.swift */,
				LIABILITYPAYMENT001CORE2025 /* LiabilityPayment+CoreDataClass.swift */,
				USER001COREDATA2025AABBCCDD /* User+CoreDataClass.swift */,
				USER002ROLE2025BBCCDDEE /* UserRole.swift */,
				AUDIT001COREDATA2025AABBCCDD /* AuditLog+CoreDataClass.swift */,
				SESSION001MODEL2025AABBCCDD /* UserSession.swift */,
				70B7356CBC8042894E6BE /* FinanceMateModel.xcdatamodeld */,
			);
			path = Models;
			sourceTree = "<group>";
		};
		8EED0ECEF59FFABBE1C4A0DE /* ViewModels */ = {
			isa = PBXGroup;
			children = (
				AUTH002VIEWMODEL2025BBCCDDEE /* AuthenticationViewModel.swift */,
				AUTHSTATE2025MANAGER2025AABBCC /* AuthenticationStateManager.swift */,
				AUTHMANAGER2025AABBCC /* AuthenticationManager.swift */,
				SESSIONMANAGER2025AABBCC /* SessionManager.swift */,
				USERPROFILEMANAGER2025AABB /* UserProfileManager.swift */,
				4644212388479F3F7BF7B7DE /* DashboardViewModel.swift */,
				NETWEALTHDASHVM001AABBCC /* NetWealthDashboardViewModel.swift */,
				ABCDEF0123456789ABCDEF01 /* LineItemViewModel.swift */,
				ABCDEF0123456789ABCDEF02 /* SplitAllocationViewModel.swift */,
				ABCDEF0123456789ABCDEF03 /* SettingsViewModel.swift */,
				2E80A064386044349451977D /* FinancialEntityViewModel.swift */,
			);
			path = ViewModels;
			sourceTree = "<group>";
		};
		935A33DA2A15F6A619C6F9AE /* Views */ = {
			isa = PBXGroup;
			children = (
				88211B32F54FEC04C1A3EE94 /* DashboardView.swift */,
				NETWEALTHDASHVIEW001AABBCC /* Dashboard/NetWealthDashboardView.swift */,
				VIEWREF0123456789VIEWREF01 /* LineItemEntryView.swift */,
				VIEWREF0123456789VIEWREF02 /* SplitAllocationView.swift */,
				994F717BD0FE4003BE6D8E12 /* AddEditTransactionView.swift */,
				12A4667FC12C467998B0A1B8 /* TransactionsView.swift */,
				D930C6316FF88FC1E6BCF1AC /* GlassmorphismModifier.swift */,
				7853DF048EF040568AC2A67B /* LoginView.swift */,
			);
			path = Views;
			sourceTree = "<group>";
		};
		9D91295B2E47D061006359C1 /* Recovered References */ = {
			isa = PBXGroup;
			children = (
				FINANCIALENTITY001CORE2025 /* FinanceMate/FinanceMate/Models/FinancialEntity+CoreDataClass.swift */,
			
				EAF26B877909468A8F2C52BD /* EmailConnectorView.swift */,
				9F639BCA7696494F8DDA81D8 /* ChatbotDrawerView.swift */,
			);
			name = "Recovered References";
			sourceTree = "<group>";
		};
		B3A41A1EAABC64624A0AE70C /* FinanceMate-SandboxTests */ = {
			isa = PBXGroup;
			children = (
				DCF9B8D78CA72276955A0FEA /* ViewModels */,
			);
			path = "FinanceMate-SandboxTests";
			sourceTree = "<group>";
		};
		B816DE67D273BA5C5543E9DA /* Views */ = {
			isa = PBXGroup;
			children = (
				BEBE0108D7643FFC7037489E /* DashboardView.swift */,
				A1B2C3D4E5F6789012345678 /* AddEditTransactionView.swift */,
				B9C8D7E6F5A4321098765432 /* TransactionsView.swift */,
				982B53D81E11C5895738D2D8 /* GlassmorphismModifier.swift */,
			);
			path = Views;
			sourceTree = "<group>";
		};
		BB30C92C753FB0F53D2DAAC2 /* Models */ = {
			isa = PBXGroup;
			children = (
				5B3687C5B96D2D8D3FD5D021 /* Transaction.swift */,
				8602766C1FC946F731EDB095 /* Transaction+CoreDataProperties.swift */,
			);
			path = Models;
			sourceTree = "<group>";
		};
		C190AFCE18F9B21044E96663 /* Products */ = {
			isa = PBXGroup;
			children = (
				F61A461D166AD2E60C0C5BB0 /* FinanceMate-Sandbox.app */,
				FE009BDDF914C8A1D4B4DF4F /* FinanceMate-SandboxTests.xctest */,
				6739C77AA68EBF5A329F159C /* FinanceMate-SandboxUITests.xctest */,
				6AD7F62BE980B30C777D9BCC /* FinanceMate.app */,
				BAC0FA673BDE8462482E97C2 /* FinanceMateTests.xctest */,
				A9E9BAB75A2AC15CC3846C01 /* FinanceMateUITests.xctest */,
			);
			name = Products;
			sourceTree = "<group>";
		};
		C95C8634859A3485875FF355 /* Sources */ = {
			isa = PBXGroup;
			children = (
				EB16A903A72C89B031403998 /* ContentView.swift */,
				662A4A927241648D838FFF8D /* FinanceMateApp.swift */,
				F296CE01C635993EC3978BB7 /* PersistenceController.swift */,
				BB30C92C753FB0F53D2DAAC2 /* Models */,
				EEC234358CD03D5F174A294E /* ViewModels */,
				B816DE67D273BA5C5543E9DA /* Views */,
			);
			name = Sources;
			path = "FinanceMate-Sandbox/FinanceMate";
			sourceTree = "<group>";
		};
		D60DC3A2EFAEF4C96A02DA65 /* FinanceMate */ = {
			isa = PBXGroup;
			children = (
				E7DDB845997FA0B2558FFC85 /* ContentView.swift */,
				410A7E6292E6838B8B31ACC9 /* FinanceMateApp.swift */,
				DB928E564674C202C56CACF9 /* PersistenceController.swift */,
				8758F37C3AB9785E601B422B /* Models */,
				SERVICES2025GROUPAABBCCDDEE /* Services */,
				8EED0ECEF59FFABBE1C4A0DE /* ViewModels */,
				935A33DA2A15F6A619C6F9AE /* Views */,
			);
			path = FinanceMate;
			sourceTree = "<group>";
		};
		DCF9B8D78CA72276955A0FEA /* ViewModels */ = {
			isa = PBXGroup;
			children = (
				16E5FC92E8729141B4E8A759 /* TransactionsViewModelTests.swift */,
			);
			path = ViewModels;
			sourceTree = "<group>";
		};
		EEC234358CD03D5F174A294E /* ViewModels */ = {
			isa = PBXGroup;
			children = (
				BEBC2B26C6C3E10D334445AC /* DashboardViewModel.swift */,
				F3E6B07F1FBE1C5755A4FE3F /* TransactionsViewModel.swift */,
			);
			path = ViewModels;
			sourceTree = "<group>";
		};
		SERVICES2025GROUPAABBCCDDEE /* Services */ = {
			isa = PBXGroup;
			children = (
				AUTH001SERVICE2025AABBCCDD /* AuthenticationService.swift */,
				APPLEAUTHPROVIDER2025AABB /* AppleAuthProvider.swift */,
				GOOGLEAUTHPROVIDER2025AABB /* GoogleAuthProvider.swift */,
				TOKENSTORAGE2025AABBCCDD /* TokenStorage.swift */,
				NETWEALTH002SERVICE2025AABBCC /* NetWealthService.swift */,
				821666A41600414EB6E9B0D6 /* EmailConnectorService.swift */,
				D98B1EF850DC4B32A0581735 /* GmailAPIService.swift */,
				F344DAFDCF8E40C5A50B609C /* EmailOAuthManager.swift */,
				17067FACC1CC4E67A468793E /* ProductionAPIConfig.swift */,
			);
			path = Services;
			sourceTree = "<group>";
		};
		SERVICES2025TESTGROUPAABBCC /* Services */ = {
			isa = PBXGroup;
			children = (
				NETWEALTH001TEST2025AABBCC /* NetWealthServiceTests.swift */,
				821666A41600414EB6E9B0D6 /* EmailConnectorService.swift */,
				D98B1EF850DC4B32A0581735 /* GmailAPIService.swift */,
				F344DAFDCF8E40C5A50B609C /* EmailOAuthManager.swift */,
				17067FACC1CC4E67A468793E /* ProductionAPIConfig.swift */,
			);
			path = Services;
			sourceTree = "<group>";
		};
/* End PBXGroup section */

/* Begin PBXNativeTarget section */
		00B722C1D764E6BAD21C93D5 /* FinanceMate-Sandbox */ = {
			isa = PBXNativeTarget;
			buildConfigurationList = D7B0D2595E405B672422BED9 /* Build configuration list for PBXNativeTarget "FinanceMate-Sandbox" */;
			buildPhases = (
				AB21026E2F69F93017944B0D /* Sources */,
			);
			buildRules = (
			);
			dependencies = (
			);
			name = "FinanceMate-Sandbox";
			packageProductDependencies = (
			);
			productName = "FinanceMate-Sandbox";
			productReference = F61A461D166AD2E60C0C5BB0 /* FinanceMate-Sandbox.app */;
			productType = "com.apple.product-type.application";
		};
		0564813F1F244C41B28A9A5D /* FinanceMate-SandboxTests */ = {
			isa = PBXNativeTarget;
			buildConfigurationList = 09FEFD66CA234D43B3F1039F /* Build configuration list for PBXNativeTarget "FinanceMate-SandboxTests" */;
			buildPhases = (
				0B505466DA6D6EF0CE640F06 /* Sources */,
			);
			buildRules = (
			);
			dependencies = (
				DBE7716976F654509F46178D /* PBXTargetDependency */,
			);
			name = "FinanceMate-SandboxTests";
			packageProductDependencies = (
			);
			productName = "FinanceMate-SandboxTests";
			productReference = FE009BDDF914C8A1D4B4DF4F /* FinanceMate-SandboxTests.xctest */;
			productType = "com.apple.product-type.bundle.unit-test";
		};
		0F3DEE683D5971CC5797F8CA /* FinanceMate-SandboxUITests */ = {
			isa = PBXNativeTarget;
			buildConfigurationList = E8AD0CC71248117894E6CA67 /* Build configuration list for PBXNativeTarget "FinanceMate-SandboxUITests" */;
			buildPhases = (
				44E81214DF0743A0547B6B03 /* Sources */,
			);
			buildRules = (
			);
			dependencies = (
				C6EC480C5DDD30A0C540FB01 /* PBXTargetDependency */,
			);
			name = "FinanceMate-SandboxUITests";
			packageProductDependencies = (
			);
			productName = "FinanceMate-SandboxUITests";
			productReference = 6739C77AA68EBF5A329F159C /* FinanceMate-SandboxUITests.xctest */;
			productType = "com.apple.product-type.bundle.ui-testing";
		};
		2E29FF99031330C9CE13081A /* FinanceMateUITests */ = {
			isa = PBXNativeTarget;
			buildConfigurationList = 5105710F0D16728090171802 /* Build configuration list for PBXNativeTarget "FinanceMateUITests" */;
			buildPhases = (
				394A73EC3048146A0518C157 /* Sources */,
			);
			buildRules = (
			);
			dependencies = (
				43293ADB30F80DC7D24D3757 /* PBXTargetDependency */,
			);
			name = FinanceMateUITests;
			packageProductDependencies = (
			);
			productName = FinanceMateUITests;
			productReference = A9E9BAB75A2AC15CC3846C01 /* FinanceMateUITests.xctest */;
			productType = "com.apple.product-type.bundle.ui-testing";
		};
		8978F134CC0D3FF7A5D88C1B /* FinanceMateTests */ = {
			isa = PBXNativeTarget;
			buildConfigurationList = 88BE771EC2CD7642B110376F /* Build configuration list for PBXNativeTarget "FinanceMateTests" */;
			buildPhases = (
				56DDA6DC47AE9BBCCB8DEBB4 /* Sources */,
			);
			buildRules = (
			);
			dependencies = (
				17558815BD9D988E84F4D54E /* PBXTargetDependency */,
			);
			name = FinanceMateTests;
			packageProductDependencies = (
			);
			productName = FinanceMateTests;
			productReference = BAC0FA673BDE8462482E97C2 /* FinanceMateTests.xctest */;
			productType = "com.apple.product-type.bundle.unit-test";
		};
		9BCE076CC14C69F83263D6C5 /* FinanceMate */ = {
			isa = PBXNativeTarget;
			buildConfigurationList = 3D3FA70917CC37F760050118 /* Build configuration list for PBXNativeTarget "FinanceMate" */;
			buildPhases = (
				E728BDA24D7E5D5322C4F5B3 /* Sources */,
			);
			buildRules = (
			);
			dependencies = (
			);
			name = FinanceMate;
			packageProductDependencies = (
			);
			productName = FinanceMate;
			productReference = 6AD7F62BE980B30C777D9BCC /* FinanceMate.app */;
			productType = "com.apple.product-type.application";
		};
/* End PBXNativeTarget section */

/* Begin PBXProject section */
		7507F26843B0E919A679B42F /* Project object */ = {
			isa = PBXProject;
			attributes = {
				BuildIndependentTargetsInParallel = YES;
				LastUpgradeCheck = 1640;
				TargetAttributes = {
					0F3DEE683D5971CC5797F8CA = {
						TestTargetID = 00B722C1D764E6BAD21C93D5;
					};
					2E29FF99031330C9CE13081A = {
						TestTargetID = 9BCE076CC14C69F83263D6C5;
					};
				};
			};
			buildConfigurationList = 06DA17711CD05B771F369D44 /* Build configuration list for PBXProject "FinanceMate" */;
			compatibilityVersion = "Xcode 14.0";
			developmentRegion = en;
			hasScannedForEncodings = 0;
			knownRegions = (
				Base,
				en,
			);
			mainGroup = 664632500DD526A9BDF8015A;
			minimizedProjectReferenceProxies = 1;
			projectDirPath = "";
			projectRoot = "";
			targets = (
				9BCE076CC14C69F83263D6C5 /* FinanceMate */,
				00B722C1D764E6BAD21C93D5 /* FinanceMate-Sandbox */,
				0564813F1F244C41B28A9A5D /* FinanceMate-SandboxTests */,
				0F3DEE683D5971CC5797F8CA /* FinanceMate-SandboxUITests */,
				8978F134CC0D3FF7A5D88C1B /* FinanceMateTests */,
				2E29FF99031330C9CE13081A /* FinanceMateUITests */,
			);
		};
/* End PBXProject section */

/* Begin PBXSourcesBuildPhase section */
		0B505466DA6D6EF0CE640F06 /* Sources */ = {
			isa = PBXSourcesBuildPhase;
			buildActionMask = 2147483647;
			files = (
				F650BAE9C9FDD9E4C659D39B /* TransactionsViewModelTests.swift in Sources */,
				4560E5D5A7754C04B4AA9142 /* EmailConnectorService.swift in Sources */,
				AA3BFC582EF9401EB2B7E7BA /* GmailAPIService.swift in Sources */,
				7F0D4DBDD4554A3FB5A63785 /* EmailOAuthManager.swift in Sources */,
				FF74955F8EF54575A8531646 /* ProductionAPIConfig.swift in Sources */,
			
				CFD483B3EDC4E798493D9CE1 /* EmailConnectorView.swift in Sources */,
				BA62A2E3F8CF413D85E32CF8 /* ChatbotDrawerView.swift in Sources */,
			);
			runOnlyForDeploymentPostprocessing = 0;
		};
		394A73EC3048146A0518C157 /* Sources */ = {
			isa = PBXSourcesBuildPhase;
			buildActionMask = 2147483647;
			files = (
				FE33C3C2F62DDCABD4669850 /* DashboardViewUITests.swift in Sources */,
				F04428F65AB9FC74728D6A2A /* FinanceMateUITests.swift in Sources */,
				4560E5D5A7754C04B4AA9142 /* EmailConnectorService.swift in Sources */,
				AA3BFC582EF9401EB2B7E7BA /* GmailAPIService.swift in Sources */,
				7F0D4DBDD4554A3FB5A63785 /* EmailOAuthManager.swift in Sources */,
				FF74955F8EF54575A8531646 /* ProductionAPIConfig.swift in Sources */,
			);
			runOnlyForDeploymentPostprocessing = 0;
		};
		44E81214DF0743A0547B6B03 /* Sources */ = {
			isa = PBXSourcesBuildPhase;
			buildActionMask = 2147483647;
			files = (
				20852594BC4C2DA2D8FC71E9 /* SandboxUITests.swift in Sources */,
				4560E5D5A7754C04B4AA9142 /* EmailConnectorService.swift in Sources */,
				AA3BFC582EF9401EB2B7E7BA /* GmailAPIService.swift in Sources */,
				7F0D4DBDD4554A3FB5A63785 /* EmailOAuthManager.swift in Sources */,
				FF74955F8EF54575A8531646 /* ProductionAPIConfig.swift in Sources */,
			);
			runOnlyForDeploymentPostprocessing = 0;
		};
		56DDA6DC47AE9BBCCB8DEBB4 /* Sources */ = {
			isa = PBXSourcesBuildPhase;
			buildActionMask = 2147483647;
			files = (
				132B821DC9AFE622A644C547 /* CoreDataTests.swift in Sources */,
				AFDEE79B69BB56B3AF284F3D /* DashboardViewModelTests.swift in Sources */,
				FEDCBA0987654321FEDCBA04 /* LineItemViewModelTests.swift in Sources */,
				FEDCBA0987654321FEDCBA05 /* SplitAllocationViewModelTests.swift in Sources */,
				0491A4FB569940FEB5690E10 /* FinancialEntityViewModelTests.swift in Sources */,
				NETWEALTH2025TESTAABBCCDD /* NetWealthServiceTests.swift in Sources */,
				4560E5D5A7754C04B4AA9142 /* EmailConnectorService.swift in Sources */,
				AA3BFC582EF9401EB2B7E7BA /* GmailAPIService.swift in Sources */,
				7F0D4DBDD4554A3FB5A63785 /* EmailOAuthManager.swift in Sources */,
				FF74955F8EF54575A8531646 /* ProductionAPIConfig.swift in Sources */,
			);
			runOnlyForDeploymentPostprocessing = 0;
		};
		AB21026E2F69F93017944B0D /* Sources */ = {
			isa = PBXSourcesBuildPhase;
			buildActionMask = 2147483647;
			files = (
				2701186814CDE270AC1A7424 /* ContentView.swift in Sources */,
				5A9CF29F20C1CA2BE4BE9B6C /* DashboardView.swift in Sources */,
				7F6E5D4C3B2A109876543210 /* TransactionsView.swift in Sources */,
				3A2B1C0D9E8F765432100123 /* AddEditTransactionView.swift in Sources */,
				F09E9EB567C3E5224B4A75A9 /* DashboardViewModel.swift in Sources */,
				B4368C63FA45535A2DC3CD86 /* FinanceMateApp.swift in Sources */,
				9799CFE5F4EFE5B0EA4F3FB4 /* GlassmorphismModifier.swift in Sources */,
				699D623E08FB451D9D223D51 /* PersistenceController.swift in Sources */,
				EF66D6C92F70B5DD876011D7 /* Transaction+CoreDataProperties.swift in Sources */,
				191A37A084EC09C6530C1BC7 /* Transaction.swift in Sources */,
				9D91295A2E47D061006359C1 /* TransactionsViewModel.swift in Sources */,
				814B2C32A9824FFCACC89492 /* FinanceMateModel.xcdatamodeld in Sources */,
				4560E5D5A7754C04B4AA9142 /* EmailConnectorService.swift in Sources */,
				AA3BFC582EF9401EB2B7E7BA /* GmailAPIService.swift in Sources */,
				7F0D4DBDD4554A3FB5A63785 /* EmailOAuthManager.swift in Sources */,
				FF74955F8EF54575A8531646 /* ProductionAPIConfig.swift in Sources */,
			);
			runOnlyForDeploymentPostprocessing = 0;
		};
		E728BDA24D7E5D5322C4F5B3 /* Sources */ = {
			isa = PBXSourcesBuildPhase;
			buildActionMask = 2147483647;
			files = (
				7FC00D441A276278AB875BD6 /* ContentView.swift in Sources */,
				A66AE32C45175DC5CD75106C /* DashboardView.swift in Sources */,
				VIEWBUILD987654321BUILD01 /* LineItemEntryView.swift in Sources */,
				VIEWBUILD987654321BUILD02 /* SplitAllocationView.swift in Sources */,
				25E1A4A0009D4E86A514BDE0 /* TransactionsView.swift in Sources */,
				4F2B70E89AE549E3AEFA2F86 /* AddEditTransactionView.swift in Sources */,
				AUTHBUILD2025VIEWMODELAABBCC /* AuthenticationViewModel.swift in Sources */,
				AUTHSTATEBUILD2025MANAGERAABB /* AuthenticationStateManager.swift in Sources */,
				AUTHMANAGERBUILD2025AABB /* AuthenticationManager.swift in Sources */,
				SESSIONMANAGERBUILD2025AABB /* SessionManager.swift in Sources */,
				USERPROFILEMANAGERBUILD25AB /* UserProfileManager.swift in Sources */,
				2B37EF5E2BA52029B8E507EE /* DashboardViewModel.swift in Sources */,
				FEDCBA0987654321FEDCBA01 /* LineItemViewModel.swift in Sources */,
				FEDCBA0987654321FEDCBA02 /* SplitAllocationViewModel.swift in Sources */,
				FEDCBA0987654321FEDCBA03 /* SettingsViewModel.swift in Sources */,
				367DABD88FB44283D6A54544 /* TransactionsViewModel.swift in Sources */,
				2F964B2A58F0EEF8A2F41798 /* FinanceMateApp.swift in Sources */,
				AUTHBUILD2025SERVICEAABBCCDD /* AuthenticationService.swift in Sources */,
				APPLEAUTHPROVIDERBUILD25AB /* AppleAuthProvider.swift in Sources */,
				GOOGLEAUTHPROVIDERBUILD25AB /* GoogleAuthProvider.swift in Sources */,
				TOKENSTORAGEBUILD2025AABB /* TokenStorage.swift in Sources */,
				USERBUILD2025COREDATAAABBCC /* User+CoreDataClass.swift in Sources */,
				USERBUILD2025ROLEBBCCDDEE /* UserRole.swift in Sources */,
				AUDITBUILD2025COREDATAAABBC /* AuditLog+CoreDataClass.swift in Sources */,
				SESSIONBUILD2025MODELAABBCC /* UserSession.swift in Sources */,
				NETWEALTH2025BUILD001AABBCC /* NetWealthService.swift in Sources */,
				NETWEALTHDASHVIEW2025BUILD01 /* Dashboard/NetWealthDashboardView.swift in Sources */,
				NETWEALTHDASHVM2025BUILD01 /* NetWealthDashboardViewModel.swift in Sources */,
				ASSET2025BUILD001AABBCCDDEE /* Asset+CoreDataClass.swift in Sources */,
				ASSET2025PROPERTIESBUILD01AA /* Asset+CoreDataProperties.swift in Sources */,
				LIABILITY2025BUILD001AABBCC /* Liability+CoreDataClass.swift in Sources */,
				LIABILITY2025PROPERTIESBLD01 /* Liability+CoreDataProperties.swift in Sources */,
				NETWEALTHSNAPSHOT2025BUILD01 /* NetWealthSnapshot+CoreDataClass.swift in Sources */,
				ASSETVALUATION2025BUILD01AAB /* AssetValuation+CoreDataClass.swift in Sources */,
				ASSETBREAKDOWN2025BUILD01AAB /* AssetBreakdown+CoreDataClass.swift in Sources */,
				LIABILITYBREAKDOWN2025BUILD1 /* LiabilityBreakdown+CoreDataClass.swift in Sources */,
				LIABILITYPAYMENT2025BUILD01 /* LiabilityPayment+CoreDataClass.swift in Sources */,
				FINANCIALENTITY2025BUILD01 /* FinanceMate/FinanceMate/Models/FinancialEntity+CoreDataClass.swift in Sources */,
				DDEBF69E356484B3589F299E /* GlassmorphismModifier.swift in Sources */,
				E70C7B685A1D67B84A2456CE /* PersistenceController.swift in Sources */,
				29D1858EBCCBABB5AB0043A8 /* Transaction+CoreDataProperties.swift in Sources */,
				D8522A3F30A034F05E3C65CD /* Transaction.swift in Sources */,
				0C910700B6434186BA21775E /* FinancialEntityViewModel.swift in Sources */,
				4560E5D5A7754C04B4AA9142 /* EmailConnectorService.swift in Sources */,
				AA3BFC582EF9401EB2B7E7BA /* GmailAPIService.swift in Sources */,
				7F0D4DBDD4554A3FB5A63785 /* EmailOAuthManager.swift in Sources */,
				FF74955F8EF54575A8531646 /* ProductionAPIConfig.swift in Sources */,
			);
			runOnlyForDeploymentPostprocessing = 0;
		};
/* End PBXSourcesBuildPhase section */

/* Begin PBXTargetDependency section */
		17558815BD9D988E84F4D54E /* PBXTargetDependency */ = {
			isa = PBXTargetDependency;
			target = 9BCE076CC14C69F83263D6C5 /* FinanceMate */;
			targetProxy = 0E63A1EB361AFBF04C96881B /* PBXContainerItemProxy */;
		};
		43293ADB30F80DC7D24D3757 /* PBXTargetDependency */ = {
			isa = PBXTargetDependency;
			target = 9BCE076CC14C69F83263D6C5 /* FinanceMate */;
			targetProxy = 9F33F263AB5B42C987B2F220 /* PBXContainerItemProxy */;
		};
		C6EC480C5DDD30A0C540FB01 /* PBXTargetDependency */ = {
			isa = PBXTargetDependency;
			target = 00B722C1D764E6BAD21C93D5 /* FinanceMate-Sandbox */;
			targetProxy = 8FF140FD142FBF4473C7DAD3 /* PBXContainerItemProxy */;
		};
		DBE7716976F654509F46178D /* PBXTargetDependency */ = {
			isa = PBXTargetDependency;
			target = 00B722C1D764E6BAD21C93D5 /* FinanceMate-Sandbox */;
			targetProxy = 138A404DDC3A4DC8C154125F /* PBXContainerItemProxy */;
		};
/* End PBXTargetDependency section */

/* Begin XCBuildConfiguration section */
		322BBA3F396C64DF042A9EBD /* Release */ = {
			isa = XCBuildConfiguration;
			buildSettings = {
				BUNDLE_LOADER = "$(TEST_HOST)";
				CODE_SIGN_IDENTITY = "Apple Development";
				CODE_SIGN_STYLE = Automatic;
				COMBINE_HIDPI_IMAGES = YES;
				DEAD_CODE_STRIPPING = YES;
				DEVELOPMENT_TEAM = 7KV34995HH;
				INFOPLIST_FILE = FinanceMateUITests/Info.plist;
				LD_RUNPATH_SEARCH_PATHS = (
					"$(inherited)",
					"@executable_path/Frameworks",
					"@loader_path/Frameworks",
				);
				MACOSX_DEPLOYMENT_TARGET = 14.0;
				PRODUCT_BUNDLE_IDENTIFIER = com.ablankcanvas.financemate;
				PROVISIONING_PROFILE_SPECIFIER = "";
				SDKROOT = macosx;
				TEST_TARGET_NAME = FinanceMate;
			};
			name = Release;
		};
		352656F509419077571E4407 /* Debug */ = {
			isa = XCBuildConfiguration;
			buildSettings = {
				ASSETCATALOG_COMPILER_APPICON_NAME = AppIcon;
				CODE_SIGN_IDENTITY = "Apple Development";
				"CODE_SIGN_IDENTITY[sdk=macosx*]" = "Apple Development";
				CODE_SIGN_STYLE = Automatic;
				COMBINE_HIDPI_IMAGES = YES;
				DEAD_CODE_STRIPPING = YES;
				DEVELOPMENT_TEAM = 7KV34995HH;
				INFOPLIST_FILE = FinanceMate/Info.plist;
				LD_RUNPATH_SEARCH_PATHS = (
					"$(inherited)",
					"@executable_path/../Frameworks",
				);
				MACOSX_DEPLOYMENT_TARGET = 14.0;
				PRODUCT_BUNDLE_IDENTIFIER = com.ablankcanvas.financemate;
				PROVISIONING_PROFILE_SPECIFIER = "";
				SDKROOT = macosx;
			};
			name = Debug;
		};
		3916A50781A842AA9ED2BE7C /* Release */ = {
			isa = XCBuildConfiguration;
			buildSettings = {
				ASSETCATALOG_COMPILER_APPICON_NAME = AppIcon;
				ASSETCATALOG_COMPILER_INCLUDE_ALL_APPICON_ASSETS = YES;
				CODE_SIGN_ENTITLEMENTS = FinanceMate/FinanceMate.entitlements;
				CODE_SIGN_IDENTITY = "Apple Development";
				CODE_SIGN_STYLE = Automatic;
				COMBINE_HIDPI_IMAGES = YES;
				DEAD_CODE_STRIPPING = YES;
				DEVELOPMENT_TEAM = 7KV34995HH;
				ENABLE_HARDENED_RUNTIME = YES;
				INFOPLIST_FILE = FinanceMate/Info.plist;
				INFOPLIST_KEY_CFBundleDisplayName = Financemate;
				INFOPLIST_KEY_LSApplicationCategoryType = "public.app-category.finance";
				LD_RUNPATH_SEARCH_PATHS = (
					"$(inherited)",
					"@executable_path/../Frameworks",
				);
				MACOSX_DEPLOYMENT_TARGET = 14.0;
				PRODUCT_BUNDLE_IDENTIFIER = com.ablankcanvas.financemate;
				PROVISIONING_PROFILE_SPECIFIER = "";
				SDKROOT = macosx;
			};
			name = Release;
		};
		3B187CEC887B3AF55AD5E51D /* Release */ = {
			isa = XCBuildConfiguration;
			buildSettings = {
				ASSETCATALOG_COMPILER_APPICON_NAME = AppIcon;
				CODE_SIGN_IDENTITY = "Apple Development";
				"CODE_SIGN_IDENTITY[sdk=macosx*]" = "Apple Development";
				CODE_SIGN_STYLE = Automatic;
				COMBINE_HIDPI_IMAGES = YES;
				DEAD_CODE_STRIPPING = YES;
				DEVELOPMENT_TEAM = 7KV34995HH;
				INFOPLIST_FILE = FinanceMate/Info.plist;
				LD_RUNPATH_SEARCH_PATHS = (
					"$(inherited)",
					"@executable_path/../Frameworks",
				);
				MACOSX_DEPLOYMENT_TARGET = 14.0;
				PRODUCT_BUNDLE_IDENTIFIER = com.ablankcanvas.financemate;
				PROVISIONING_PROFILE_SPECIFIER = "";
				SDKROOT = macosx;
			};
			name = Release;
		};
		40FAA4664F9812F775A5365B /* Debug */ = {
			isa = XCBuildConfiguration;
			buildSettings = {
				ALWAYS_SEARCH_USER_PATHS = NO;
				ASSETCATALOG_COMPILER_GENERATE_SWIFT_ASSET_SYMBOL_EXTENSIONS = YES;
				CLANG_ANALYZER_NONNULL = YES;
				CLANG_ANALYZER_NUMBER_OBJECT_CONVERSION = YES_AGGRESSIVE;
				CLANG_CXX_LANGUAGE_STANDARD = "gnu++14";
				CLANG_CXX_LIBRARY = "libc++";
				CLANG_ENABLE_MODULES = YES;
				CLANG_ENABLE_OBJC_ARC = YES;
				CLANG_ENABLE_OBJC_WEAK = YES;
				CLANG_WARN_BLOCK_CAPTURE_AUTORELEASING = YES;
				CLANG_WARN_BOOL_CONVERSION = YES;
				CLANG_WARN_COMMA = YES;
				CLANG_WARN_CONSTANT_CONVERSION = YES;
				CLANG_WARN_DEPRECATED_OBJC_IMPLEMENTATIONS = YES;
				CLANG_WARN_DIRECT_OBJC_ISA_USAGE = YES_ERROR;
				CLANG_WARN_DOCUMENTATION_COMMENTS = YES;
				CLANG_WARN_EMPTY_BODY = YES;
				CLANG_WARN_ENUM_CONVERSION = YES;
				CLANG_WARN_INFINITE_RECURSION = YES;
				CLANG_WARN_INT_CONVERSION = YES;
				CLANG_WARN_NON_LITERAL_NULL_CONVERSION = YES;
				CLANG_WARN_OBJC_IMPLICIT_RETAIN_SELF = YES;
				CLANG_WARN_OBJC_LITERAL_CONVERSION = YES;
				CLANG_WARN_OBJC_ROOT_CLASS = YES_ERROR;
				CLANG_WARN_QUOTED_INCLUDE_IN_FRAMEWORK_HEADER = YES;
				CLANG_WARN_RANGE_LOOP_ANALYSIS = YES;
				CLANG_WARN_STRICT_PROTOTYPES = YES;
				CLANG_WARN_SUSPICIOUS_MOVE = YES;
				CLANG_WARN_UNGUARDED_AVAILABILITY = YES_AGGRESSIVE;
				CLANG_WARN_UNREACHABLE_CODE = YES;
				CLANG_WARN__DUPLICATE_METHOD_MATCH = YES;
				COPY_PHASE_STRIP = NO;
				DEAD_CODE_STRIPPING = YES;
				DEBUG_INFORMATION_FORMAT = dwarf;
				ENABLE_STRICT_OBJC_MSGSEND = YES;
				ENABLE_TESTABILITY = YES;
				ENABLE_USER_SCRIPT_SANDBOXING = YES;
				GCC_C_LANGUAGE_STANDARD = gnu11;
				GCC_DYNAMIC_NO_PIC = NO;
				GCC_NO_COMMON_BLOCKS = YES;
				GCC_OPTIMIZATION_LEVEL = 0;
				GCC_PREPROCESSOR_DEFINITIONS = (
					"$(inherited)",
					"DEBUG=1",
				);
				GCC_WARN_64_TO_32_BIT_CONVERSION = YES;
				GCC_WARN_ABOUT_RETURN_TYPE = YES_ERROR;
				GCC_WARN_UNDECLARED_SELECTOR = YES;
				GCC_WARN_UNINITIALIZED_AUTOS = YES_AGGRESSIVE;
				GCC_WARN_UNUSED_FUNCTION = YES;
				GCC_WARN_UNUSED_VARIABLE = YES;
				MTL_ENABLE_DEBUG_INFO = INCLUDE_SOURCE;
				MTL_FAST_MATH = YES;
				ONLY_ACTIVE_ARCH = YES;
				PRODUCT_NAME = "$(TARGET_NAME)";
				SDKROOT = macosx;
				SWIFT_ACTIVE_COMPILATION_CONDITIONS = DEBUG;
				SWIFT_OPTIMIZATION_LEVEL = "-Onone";
				SWIFT_VERSION = 5.0;
			};
			name = Debug;
		};
		5F7E9E5E20026249CC40FA41 /* Release */ = {
			isa = XCBuildConfiguration;
			buildSettings = {
				BUNDLE_LOADER = "$(TEST_HOST)";
				CODE_SIGN_IDENTITY = "Apple Development";
				CODE_SIGN_STYLE = Automatic;
				COMBINE_HIDPI_IMAGES = YES;
				DEAD_CODE_STRIPPING = YES;
				DEVELOPMENT_TEAM = 7KV34995HH;
				INFOPLIST_FILE = FinanceMateUITests/Info.plist;
				LD_RUNPATH_SEARCH_PATHS = (
					"$(inherited)",
					"@executable_path/Frameworks",
					"@loader_path/Frameworks",
				);
				MACOSX_DEPLOYMENT_TARGET = 14.0;
				PRODUCT_BUNDLE_IDENTIFIER = com.ablankcanvas.financemate;
				PROVISIONING_PROFILE_SPECIFIER = "";
				SDKROOT = macosx;
				TEST_TARGET_NAME = "FinanceMate-Sandbox";
			};
			name = Release;
		};
		60A96EE8D05BA91ADE2BDCC1 /* Debug */ = {
			isa = XCBuildConfiguration;
			buildSettings = {
				BUNDLE_LOADER = "$(TEST_HOST)";
				CODE_SIGN_IDENTITY = "Apple Development";
				CODE_SIGN_STYLE = Automatic;
				COMBINE_HIDPI_IMAGES = YES;
				DEAD_CODE_STRIPPING = YES;
				DEVELOPMENT_TEAM = 7KV34995HH;
				INFOPLIST_FILE = FinanceMateTests/Info.plist;
				LD_RUNPATH_SEARCH_PATHS = (
					"$(inherited)",
					"@executable_path/../Frameworks",
					"@loader_path/../Frameworks",
				);
				MACOSX_DEPLOYMENT_TARGET = 14.0;
				PRODUCT_BUNDLE_IDENTIFIER = com.ablankcanvas.financemate;
				PROVISIONING_PROFILE_SPECIFIER = "";
				SDKROOT = macosx;
				TEST_HOST = "$(BUILT_PRODUCTS_DIR)/FinanceMate.app/Contents/MacOS/FinanceMate";
			};
			name = Debug;
		};
		700E154D68B8A84762D1CE2D /* Debug */ = {
			isa = XCBuildConfiguration;
			buildSettings = {
				BUNDLE_LOADER = "$(TEST_HOST)";
				CODE_SIGN_IDENTITY = "Apple Development";
				CODE_SIGN_STYLE = Automatic;
				COMBINE_HIDPI_IMAGES = YES;
				DEAD_CODE_STRIPPING = YES;
				DEVELOPMENT_TEAM = 7KV34995HH;
				INFOPLIST_FILE = FinanceMateUITests/Info.plist;
				LD_RUNPATH_SEARCH_PATHS = (
					"$(inherited)",
					"@executable_path/Frameworks",
					"@loader_path/Frameworks",
				);
				MACOSX_DEPLOYMENT_TARGET = 14.0;
				PRODUCT_BUNDLE_IDENTIFIER = com.ablankcanvas.financemate;
				PROVISIONING_PROFILE_SPECIFIER = "";
				SDKROOT = macosx;
				TEST_TARGET_NAME = "FinanceMate-Sandbox";
			};
			name = Debug;
		};
		750A36D2D63B2BA81739C099 /* Debug */ = {
			isa = XCBuildConfiguration;
			buildSettings = {
				ASSETCATALOG_COMPILER_APPICON_NAME = AppIcon;
				ASSETCATALOG_COMPILER_INCLUDE_ALL_APPICON_ASSETS = YES;
				CODE_SIGN_ENTITLEMENTS = FinanceMate/FinanceMate.entitlements;
				CODE_SIGN_IDENTITY = "Apple Development";
				CODE_SIGN_STYLE = Automatic;
				COMBINE_HIDPI_IMAGES = YES;
				DEAD_CODE_STRIPPING = YES;
				DEVELOPMENT_TEAM = 7KV34995HH;
				ENABLE_HARDENED_RUNTIME = YES;
				INFOPLIST_FILE = FinanceMate/Info.plist;
				INFOPLIST_KEY_CFBundleDisplayName = Financemate;
				INFOPLIST_KEY_LSApplicationCategoryType = "public.app-category.finance";
				LD_RUNPATH_SEARCH_PATHS = (
					"$(inherited)",
					"@executable_path/../Frameworks",
				);
				MACOSX_DEPLOYMENT_TARGET = 14.0;
				PRODUCT_BUNDLE_IDENTIFIER = com.ablankcanvas.financemate;
				PROVISIONING_PROFILE_SPECIFIER = "";
				SDKROOT = macosx;
			};
			name = Debug;
		};
		A7293AE4DB6BBA5FC943B0C7 /* Release */ = {
			isa = XCBuildConfiguration;
			buildSettings = {
				BUNDLE_LOADER = "$(TEST_HOST)";
				CODE_SIGN_IDENTITY = "Apple Development";
				"CODE_SIGN_IDENTITY[sdk=macosx*]" = "Apple Development";
				CODE_SIGN_STYLE = Automatic;
				COMBINE_HIDPI_IMAGES = YES;
				DEAD_CODE_STRIPPING = YES;
				DEVELOPMENT_TEAM = 7KV34995HH;
				INFOPLIST_FILE = FinanceMateTests/Info.plist;
				LD_RUNPATH_SEARCH_PATHS = (
					"$(inherited)",
					"@executable_path/../Frameworks",
					"@loader_path/../Frameworks",
				);
				MACOSX_DEPLOYMENT_TARGET = 14.0;
				PRODUCT_BUNDLE_IDENTIFIER = com.ablankcanvas.financemate;
				PROVISIONING_PROFILE_SPECIFIER = "";
				SDKROOT = macosx;
				TEST_HOST = "$(BUILT_PRODUCTS_DIR)/FinanceMate-Sandbox.app/Contents/MacOS/FinanceMate-Sandbox";
			};
			name = Release;
		};
		C1330F746E5E3439A2DEAD63 /* Debug */ = {
			isa = XCBuildConfiguration;
			buildSettings = {
				BUNDLE_LOADER = "$(TEST_HOST)";
				CODE_SIGN_IDENTITY = "Apple Development";
				CODE_SIGN_STYLE = Automatic;
				COMBINE_HIDPI_IMAGES = YES;
				DEAD_CODE_STRIPPING = YES;
				DEVELOPMENT_TEAM = 7KV34995HH;
				INFOPLIST_FILE = FinanceMateUITests/Info.plist;
				LD_RUNPATH_SEARCH_PATHS = (
					"$(inherited)",
					"@executable_path/Frameworks",
					"@loader_path/Frameworks",
				);
				MACOSX_DEPLOYMENT_TARGET = 14.0;
				PRODUCT_BUNDLE_IDENTIFIER = com.ablankcanvas.financemate;
				PROVISIONING_PROFILE_SPECIFIER = "";
				SDKROOT = macosx;
				TEST_TARGET_NAME = FinanceMate;
			};
			name = Debug;
		};
		C61F24ABB3C61C020289DF42 /* Debug */ = {
			isa = XCBuildConfiguration;
			buildSettings = {
				BUNDLE_LOADER = "$(TEST_HOST)";
				CODE_SIGN_IDENTITY = "Apple Development";
				"CODE_SIGN_IDENTITY[sdk=macosx*]" = "Apple Development";
				CODE_SIGN_STYLE = Automatic;
				COMBINE_HIDPI_IMAGES = YES;
				DEAD_CODE_STRIPPING = YES;
				DEVELOPMENT_TEAM = 7KV34995HH;
				INFOPLIST_FILE = FinanceMateTests/Info.plist;
				LD_RUNPATH_SEARCH_PATHS = (
					"$(inherited)",
					"@executable_path/../Frameworks",
					"@loader_path/../Frameworks",
				);
				MACOSX_DEPLOYMENT_TARGET = 14.0;
				PRODUCT_BUNDLE_IDENTIFIER = com.ablankcanvas.financemate;
				PROVISIONING_PROFILE_SPECIFIER = "";
				SDKROOT = macosx;
				TEST_HOST = "$(BUILT_PRODUCTS_DIR)/FinanceMate-Sandbox.app/Contents/MacOS/FinanceMate-Sandbox";
			};
			name = Debug;
		};
		D4CF48EA3D81C5117C83D0C2 /* Release */ = {
			isa = XCBuildConfiguration;
			buildSettings = {
				BUNDLE_LOADER = "$(TEST_HOST)";
				CODE_SIGN_IDENTITY = "Apple Development";
				CODE_SIGN_STYLE = Automatic;
				COMBINE_HIDPI_IMAGES = YES;
				DEAD_CODE_STRIPPING = YES;
				DEVELOPMENT_TEAM = 7KV34995HH;
				INFOPLIST_FILE = FinanceMateTests/Info.plist;
				LD_RUNPATH_SEARCH_PATHS = (
					"$(inherited)",
					"@executable_path/../Frameworks",
					"@loader_path/../Frameworks",
				);
				MACOSX_DEPLOYMENT_TARGET = 14.0;
				PRODUCT_BUNDLE_IDENTIFIER = com.ablankcanvas.financemate;
				PROVISIONING_PROFILE_SPECIFIER = "";
				SDKROOT = macosx;
				TEST_HOST = "$(BUILT_PRODUCTS_DIR)/FinanceMate.app/Contents/MacOS/FinanceMate";
			};
			name = Release;
		};
		E58F593C1EE7BAA2CFDD46CA /* Release */ = {
			isa = XCBuildConfiguration;
			buildSettings = {
				ALWAYS_SEARCH_USER_PATHS = NO;
				ASSETCATALOG_COMPILER_GENERATE_SWIFT_ASSET_SYMBOL_EXTENSIONS = YES;
				CLANG_ANALYZER_NONNULL = YES;
				CLANG_ANALYZER_NUMBER_OBJECT_CONVERSION = YES_AGGRESSIVE;
				CLANG_CXX_LANGUAGE_STANDARD = "gnu++14";
				CLANG_CXX_LIBRARY = "libc++";
				CLANG_ENABLE_MODULES = YES;
				CLANG_ENABLE_OBJC_ARC = YES;
				CLANG_ENABLE_OBJC_WEAK = YES;
				CLANG_WARN_BLOCK_CAPTURE_AUTORELEASING = YES;
				CLANG_WARN_BOOL_CONVERSION = YES;
				CLANG_WARN_COMMA = YES;
				CLANG_WARN_CONSTANT_CONVERSION = YES;
				CLANG_WARN_DEPRECATED_OBJC_IMPLEMENTATIONS = YES;
				CLANG_WARN_DIRECT_OBJC_ISA_USAGE = YES_ERROR;
				CLANG_WARN_DOCUMENTATION_COMMENTS = YES;
				CLANG_WARN_EMPTY_BODY = YES;
				CLANG_WARN_ENUM_CONVERSION = YES;
				CLANG_WARN_INFINITE_RECURSION = YES;
				CLANG_WARN_INT_CONVERSION = YES;
				CLANG_WARN_NON_LITERAL_NULL_CONVERSION = YES;
				CLANG_WARN_OBJC_IMPLICIT_RETAIN_SELF = YES;
				CLANG_WARN_OBJC_LITERAL_CONVERSION = YES;
				CLANG_WARN_OBJC_ROOT_CLASS = YES_ERROR;
				CLANG_WARN_QUOTED_INCLUDE_IN_FRAMEWORK_HEADER = YES;
				CLANG_WARN_RANGE_LOOP_ANALYSIS = YES;
				CLANG_WARN_STRICT_PROTOTYPES = YES;
				CLANG_WARN_SUSPICIOUS_MOVE = YES;
				CLANG_WARN_UNGUARDED_AVAILABILITY = YES_AGGRESSIVE;
				CLANG_WARN_UNREACHABLE_CODE = YES;
				CLANG_WARN__DUPLICATE_METHOD_MATCH = YES;
				COPY_PHASE_STRIP = NO;
				DEAD_CODE_STRIPPING = YES;
				DEBUG_INFORMATION_FORMAT = "dwarf-with-dsym";
				ENABLE_NS_ASSERTIONS = NO;
				ENABLE_STRICT_OBJC_MSGSEND = YES;
				ENABLE_USER_SCRIPT_SANDBOXING = YES;
				GCC_C_LANGUAGE_STANDARD = gnu11;
				GCC_NO_COMMON_BLOCKS = YES;
				GCC_WARN_64_TO_32_BIT_CONVERSION = YES;
				GCC_WARN_ABOUT_RETURN_TYPE = YES_ERROR;
				GCC_WARN_UNDECLARED_SELECTOR = YES;
				GCC_WARN_UNINITIALIZED_AUTOS = YES_AGGRESSIVE;
				GCC_WARN_UNUSED_FUNCTION = YES;
				GCC_WARN_UNUSED_VARIABLE = YES;
				MTL_ENABLE_DEBUG_INFO = NO;
				MTL_FAST_MATH = YES;
				PRODUCT_NAME = "$(TARGET_NAME)";
				SDKROOT = macosx;
				SWIFT_COMPILATION_MODE = wholemodule;
				SWIFT_OPTIMIZATION_LEVEL = "-O";
				SWIFT_VERSION = 5.0;
			};
			name = Release;
		};
/* End XCBuildConfiguration section */

/* Begin XCConfigurationList section */
		06DA17711CD05B771F369D44 /* Build configuration list for PBXProject "FinanceMate" */ = {
			isa = XCConfigurationList;
			buildConfigurations = (
				40FAA4664F9812F775A5365B /* Debug */,
				E58F593C1EE7BAA2CFDD46CA /* Release */,
			);
			defaultConfigurationIsVisible = 0;
			defaultConfigurationName = Debug;
		};
		09FEFD66CA234D43B3F1039F /* Build configuration list for PBXNativeTarget "FinanceMate-SandboxTests" */ = {
			isa = XCConfigurationList;
			buildConfigurations = (
				C61F24ABB3C61C020289DF42 /* Debug */,
				A7293AE4DB6BBA5FC943B0C7 /* Release */,
			);
			defaultConfigurationIsVisible = 0;
			defaultConfigurationName = Debug;
		};
		3D3FA70917CC37F760050118 /* Build configuration list for PBXNativeTarget "FinanceMate" */ = {
			isa = XCConfigurationList;
			buildConfigurations = (
				750A36D2D63B2BA81739C099 /* Debug */,
				3916A50781A842AA9ED2BE7C /* Release */,
			);
			defaultConfigurationIsVisible = 0;
			defaultConfigurationName = Debug;
		};
		5105710F0D16728090171802 /* Build configuration list for PBXNativeTarget "FinanceMateUITests" */ = {
			isa = XCConfigurationList;
			buildConfigurations = (
				C1330F746E5E3439A2DEAD63 /* Debug */,
				322BBA3F396C64DF042A9EBD /* Release */,
			);
			defaultConfigurationIsVisible = 0;
			defaultConfigurationName = Debug;
		};
		88BE771EC2CD7642B110376F /* Build configuration list for PBXNativeTarget "FinanceMateTests" */ = {
			isa = XCConfigurationList;
			buildConfigurations = (
				60A96EE8D05BA91ADE2BDCC1 /* Debug */,
				D4CF48EA3D81C5117C83D0C2 /* Release */,
			);
			defaultConfigurationIsVisible = 0;
			defaultConfigurationName = Debug;
		};
		D7B0D2595E405B672422BED9 /* Build configuration list for PBXNativeTarget "FinanceMate-Sandbox" */ = {
			isa = XCConfigurationList;
			buildConfigurations = (
				352656F509419077571E4407 /* Debug */,
				3B187CEC887B3AF55AD5E51D /* Release */,
			);
			defaultConfigurationIsVisible = 0;
			defaultConfigurationName = Debug;
		};
		E8AD0CC71248117894E6CA67 /* Build configuration list for PBXNativeTarget "FinanceMate-SandboxUITests" */ = {
			isa = XCConfigurationList;
			buildConfigurations = (
				700E154D68B8A84762D1CE2D /* Debug */,
				5F7E9E5E20026249CC40FA41 /* Release */,
			);
			defaultConfigurationIsVisible = 0;
			defaultConfigurationName = Debug;
		};
/* End XCConfigurationList section */
	};
	rootObject = 7507F26843B0E919A679B42F /* Project object */;
}
