// !$*UTF8*$!
{
	archiveVersion = 1;
	classes = {
	};
	objectVersion = 63;
	objects = {

/* Begin PBXBuildFile section */
		12A34567890123456789012A /* Assets.xcassets in Resources */ = {isa = PBXBuildFile; fileRef = 23B45678901234567890123B /* Assets.xcassets */; };
		1E8F6A2B1234567890ABCDEF /* Category+CoreDataClass.swift in Sources */ = {isa = PBXBuildFile; fileRef = 2F9E8B3C1234567890ABCDEF /* Category+CoreDataClass.swift */; };
		2E8F6A2B1234567890ABCDEF /* Category+CoreDataProperties.swift in Sources */ = {isa = PBXBuildFile; fileRef = 3F9E8B3C1234567890ABCDEF /* Category+CoreDataProperties.swift */; };
		3E8F6A2B1234567890ABCDEF /* Client+CoreDataClass.swift in Sources */ = {isa = PBXBuildFile; fileRef = 4F9E8B3C1234567890ABCDEF /* Client+CoreDataClass.swift */; };
		38052FED7CC349B19F28B2AEE12FDDE4 /* DocumentsView.swift in Sources */ = {isa = PBXBuildFile; fileRef = 221AF239D0C640B3876CEFC1891317A7 /* DocumentsView.swift */; };
		4E8F6A2B1234567890ABCDEF /* Client+CoreDataProperties.swift in Sources */ = {isa = PBXBuildFile; fileRef = 5F9E8B3C1234567890ABCDEF /* Client+CoreDataProperties.swift */; };
		5E8F6A2B1234567890ABCDEF /* CoreDataStack.swift in Sources */ = {isa = PBXBuildFile; fileRef = 6F9E8B3C1234567890ABCDEF /* CoreDataStack.swift */; };
		6E8F6A2B1234567890ABCDEF /* Document+CoreDataClass.swift in Sources */ = {isa = PBXBuildFile; fileRef = 7F9E8B3C1234567890ABCDEF /* Document+CoreDataClass.swift */; };
		7E8F6A2B1234567890ABCDEF /* Document+CoreDataProperties.swift in Sources */ = {isa = PBXBuildFile; fileRef = 8F9E8B3C1234567890ABCDEF /* Document+CoreDataProperties.swift */; };
		84629DFC41CD9C40E5C712E6 /* FinanceMateApp.swift in Sources */ = {isa = PBXBuildFile; fileRef = CD23538CF257D51DBA226B97 /* FinanceMateApp.swift */; };
		8E8F6A2B1234567890ABCDEF /* FinancialData+CoreDataClass.swift in Sources */ = {isa = PBXBuildFile; fileRef = 9F9E8B3C1234567890ABCDEF /* FinancialData+CoreDataClass.swift */; };
		9092D5A7400F9B0CB893874C /* ContentView.swift in Sources */ = {isa = PBXBuildFile; fileRef = 04F654E30EB3BB8388F98E94 /* ContentView.swift */; };
		AF5E73B2EAFC467D912B8CAF /* LoginView.swift in Sources */ = {isa = PBXBuildFile; fileRef = BF6E84C3FBFD478E813C9DB0 /* LoginView.swift */; };
		9E8F6A2B1234567890ABCDEF /* FinancialData+CoreDataProperties.swift in Sources */ = {isa = PBXBuildFile; fileRef = AF9E8B3C1234567890ABCDEF /* FinancialData+CoreDataProperties.swift */; };
		A9EDDD0E9BBA4D0286A0CE234B0C4B3A /* DashboardView.swift in Sources */ = {isa = PBXBuildFile; fileRef = D3F78B08CDBB4B74973C660565BCDABE /* DashboardView.swift */; };
		AE8F6A2B1234567890ABCDEF /* Project+CoreDataClass.swift in Sources */ = {isa = PBXBuildFile; fileRef = BF9E8B3C1234567890ABCDEF /* Project+CoreDataClass.swift */; };
		B197F5CBA06343C5ABDD46CE6738CBFC /* SettingsView.swift in Sources */ = {isa = PBXBuildFile; fileRef = ADE74DA56CA14FC99080F4D66630B464 /* SettingsView.swift */; };
		BE8F6A2B1234567890ABCDEF /* Project+CoreDataProperties.swift in Sources */ = {isa = PBXBuildFile; fileRef = CF9E8B3C1234567890ABCDEF /* Project+CoreDataProperties.swift */; };
		D62D0351A2F14CD8816B3337F0FE5F6A /* AnalyticsView.swift in Sources */ = {isa = PBXBuildFile; fileRef = F2AAC89D21EB40AABC6461CF42C85165 /* AnalyticsView.swift */; };
		E1234567890ABCDEF1234567 /* FinancialExportView.swift in Sources */ = {isa = PBXBuildFile; fileRef = F1234567890ABCDEF1234567 /* FinancialExportView.swift */; };
		E2345678901BCDEF23456789 /* BasicExportService.swift in Sources */ = {isa = PBXBuildFile; fileRef = F2345678901BCDEF23456789 /* BasicExportService.swift */; };
		E5E7EF30544D4EE198A03945 /* APIKeysIntegrationService.swift in Sources */ = {isa = PBXBuildFile; fileRef = 8DDC146887E149D9A1AAE027 /* APIKeysIntegrationService.swift */; };
		2F7AB726D00249769D602DEA /* TaskMasterAIService.swift in Sources */ = {isa = PBXBuildFile; fileRef = ADB69FC0CD6B4F97A50AA08A /* TaskMasterAIService.swift */; };
		6EC6AD87195C426EAEB30A5E /* KeychainManager.swift in Sources */ = {isa = PBXBuildFile; fileRef = 07FD83D43E3A470D869D3D96 /* KeychainManager.swift */; };
		4066900159D6459DBF9CC355 /* UserSessionManager.swift in Sources */ = {isa = PBXBuildFile; fileRef = CEFEA0A41404442ABF32EB70 /* UserSessionManager.swift */; };
		C76704F73B3D454E8963D3B7 /* TokenManager.swift in Sources */ = {isa = PBXBuildFile; fileRef = 8364F6BBEC35411F9A95BBD8 /* TokenManager.swift */; };
		SECB1234567890ABCDEF1234 /* OAuth2Manager.swift in Sources */ = {isa = PBXBuildFile; fileRef = SEC1234567890ABCDEF1234 /* OAuth2Manager.swift */; };
		SECB2234567890ABCDEF1234 /* SessionManager.swift in Sources */ = {isa = PBXBuildFile; fileRef = SEC2234567890ABCDEF1234 /* SessionManager.swift */; };
		SECB3234567890ABCDEF1234 /* BiometricAuthManager.swift in Sources */ = {isa = PBXBuildFile; fileRef = SEC3234567890ABCDEF1234 /* BiometricAuthManager.swift */; };
		SECB4234567890ABCDEF1234 /* SecurityAuditLogger.swift in Sources */ = {isa = PBXBuildFile; fileRef = SEC4234567890ABCDEF1234 /* SecurityAuditLogger.swift */; };
		CMTP234567890ABCDEF1234 /* CommonTypes.swift in Sources */ = {isa = PBXBuildFile; fileRef = CMT1234567890ABCDEF1234 /* CommonTypes.swift */; };
		AUTH234567890ABCDEF1234 /* AuthenticationService.swift in Sources */ = {isa = PBXBuildFile; fileRef = AUT1234567890ABCDEF1234 /* AuthenticationService.swift */; };
		SETM234567890ABCDEF1234 /* SettingsManager.swift in Sources */ = {isa = PBXBuildFile; fileRef = SET1234567890ABCDEF1234 /* SettingsManager.swift */; };
		SUB5234567890ABCDEF1234 /* Subscription+CoreDataClass.swift in Sources */ = {isa = PBXBuildFile; fileRef = SUBF634567890ABCDEF1234 /* Subscription+CoreDataClass.swift */; };
		SUB6234567890ABCDEF1234 /* Subscription+CoreDataProperties.swift in Sources */ = {isa = PBXBuildFile; fileRef = SUBF734567890ABCDEF1234 /* Subscription+CoreDataProperties.swift */; };
		LEGALBF1234567890ABCDEF1 /* LegalContent.swift in Sources */ = {isa = PBXBuildFile; fileRef = LEGAL1234567890ABCDEF123 /* LegalContent.swift */; };
		SUB1234567890ABCDEF1234 /* SubscriptionManagementView.swift in Sources */ = {isa = PBXBuildFile; fileRef = SUBF234567890ABCDEF1234 /* SubscriptionManagementView.swift */; };
		SUBD234567890ABCDEF1234 /* SubscriptionDetailView.swift in Sources */ = {isa = PBXBuildFile; fileRef = SUBG234567890ABCDEF1234 /* SubscriptionDetailView.swift */; };
		SUB2234567890ABCDEF1234 /* AddSubscriptionView.swift in Sources */ = {isa = PBXBuildFile; fileRef = SUBF434567890ABCDEF1234 /* AddSubscriptionView.swift */; };
		SUB3234567890ABCDEF1234 /* SubscriptionViewModel.swift in Sources */ = {isa = PBXBuildFile; fileRef = SUBF534567890ABCDEF1234 /* SubscriptionViewModel.swift */; };
		DASH234567890ABCDEF1234 /* DashboardDataService.swift in Sources */ = {isa = PBXBuildFile; fileRef = DAS1234567890ABCDEF1234 /* DashboardDataService.swift */; };
		TEST1234567890ABCDEF1234 /* AuthenticationE2ETests.swift in Sources */ = {isa = PBXBuildFile; fileRef = TESTF123456789ABCDEF1234 /* AuthenticationE2ETests.swift */; };
		CA00C390A3A0BBB2E3F00FED /* CentralizedTheme.swift in Sources */ = {isa = PBXBuildFile; fileRef = 261DA6ADC713A1A4EA28FD37 /* CentralizedTheme.swift */; };
		TEST2234567890ABCDEF1234 /* ScreenshotService.swift in Sources */ = {isa = PBXBuildFile; fileRef = TESTF223456789ABCDEF1234 /* ScreenshotService.swift */; };
/* End PBXBuildFile section */

/* Begin PBXFileReference section */
		04F654E30EB3BB8388F98E94 /* ContentView.swift */ = {isa = PBXFileReference; lastKnownFileType = sourcecode.swift; path = ContentView.swift; sourceTree = "<group>"; };
		BF6E84C3FBFD478E813C9DB0 /* LoginView.swift */ = {isa = PBXFileReference; lastKnownFileType = sourcecode.swift; path = "Authentication/LoginView.swift"; sourceTree = "<group>"; };
		221AF239D0C640B3876CEFC1891317A7 /* DocumentsView.swift */ = {isa = PBXFileReference; lastKnownFileType = sourcecode.swift; path = DocumentsView.swift; sourceTree = "<group>"; };
		23B45678901234567890123B /* Assets.xcassets */ = {isa = PBXFileReference; lastKnownFileType = folder.assetcatalog; path = Assets.xcassets; sourceTree = "<group>"; };
		2F9E8B3C1234567890ABCDEF /* Category+CoreDataClass.swift */ = {isa = PBXFileReference; lastKnownFileType = sourcecode.swift; path = "Category+CoreDataClass.swift"; sourceTree = "<group>"; };
		3F9E8B3C1234567890ABCDEF /* Category+CoreDataProperties.swift */ = {isa = PBXFileReference; lastKnownFileType = sourcecode.swift; path = "Category+CoreDataProperties.swift"; sourceTree = "<group>"; };
		4F9E8B3C1234567890ABCDEF /* Client+CoreDataClass.swift */ = {isa = PBXFileReference; lastKnownFileType = sourcecode.swift; path = "Client+CoreDataClass.swift"; sourceTree = "<group>"; };
		5F9E8B3C1234567890ABCDEF /* Client+CoreDataProperties.swift */ = {isa = PBXFileReference; lastKnownFileType = sourcecode.swift; path = "Client+CoreDataProperties.swift"; sourceTree = "<group>"; };
		6F9E8B3C1234567890ABCDEF /* CoreDataStack.swift */ = {isa = PBXFileReference; lastKnownFileType = sourcecode.swift; path = CoreDataStack.swift; sourceTree = "<group>"; };
		7F9E8B3C1234567890ABCDEF /* Document+CoreDataClass.swift */ = {isa = PBXFileReference; lastKnownFileType = sourcecode.swift; path = "Document+CoreDataClass.swift"; sourceTree = "<group>"; };
		8F9E8B3C1234567890ABCDEF /* Document+CoreDataProperties.swift */ = {isa = PBXFileReference; lastKnownFileType = sourcecode.swift; path = "Document+CoreDataProperties.swift"; sourceTree = "<group>"; };
		9F9E8B3C1234567890ABCDEF /* FinancialData+CoreDataClass.swift */ = {isa = PBXFileReference; lastKnownFileType = sourcecode.swift; path = "FinancialData+CoreDataClass.swift"; sourceTree = "<group>"; };
		ADE74DA56CA14FC99080F4D66630B464 /* SettingsView.swift */ = {isa = PBXFileReference; lastKnownFileType = sourcecode.swift; path = SettingsView.swift; sourceTree = "<group>"; };
		AF9E8B3C1234567890ABCDEF /* FinancialData+CoreDataProperties.swift */ = {isa = PBXFileReference; lastKnownFileType = sourcecode.swift; path = "FinancialData+CoreDataProperties.swift"; sourceTree = "<group>"; };
		BF9E8B3C1234567890ABCDEF /* Project+CoreDataClass.swift */ = {isa = PBXFileReference; lastKnownFileType = sourcecode.swift; path = "Project+CoreDataClass.swift"; sourceTree = "<group>"; };
		CD23538CF257D51DBA226B97 /* FinanceMateApp.swift */ = {isa = PBXFileReference; lastKnownFileType = sourcecode.swift; path = FinanceMateApp.swift; sourceTree = "<group>"; };
		CF9E8B3C1234567890ABCDEF /* Project+CoreDataProperties.swift */ = {isa = PBXFileReference; lastKnownFileType = sourcecode.swift; path = "Project+CoreDataProperties.swift"; sourceTree = "<group>"; };
		D3F78B08CDBB4B74973C660565BCDABE /* DashboardView.swift */ = {isa = PBXFileReference; lastKnownFileType = sourcecode.swift; path = DashboardView.swift; sourceTree = "<group>"; };
		F2AAC89D21EB40AABC6461CF42C85165 /* AnalyticsView.swift */ = {isa = PBXFileReference; lastKnownFileType = sourcecode.swift; path = AnalyticsView.swift; sourceTree = "<group>"; };
		F1234567890ABCDEF1234567 /* FinancialExportView.swift */ = {isa = PBXFileReference; lastKnownFileType = sourcecode.swift; path = FinancialExportView.swift; sourceTree = "<group>"; };
		F2345678901BCDEF23456789 /* BasicExportService.swift */ = {isa = PBXFileReference; lastKnownFileType = sourcecode.swift; path = BasicExportService.swift; sourceTree = "<group>"; };
		F74A98781F1B874D7128CEE5 /* FinanceMate.app */ = {isa = PBXFileReference; explicitFileType = wrapper.application; includeInIndex = 0; path = FinanceMate.app; sourceTree = BUILT_PRODUCTS_DIR; };
		8DDC146887E149D9A1AAE027 /* APIKeysIntegrationService.swift */ = {isa = PBXFileReference; lastKnownFileType = sourcecode.swift; path = APIKeysIntegrationService.swift; sourceTree = "<group>"; };
		ADB69FC0CD6B4F97A50AA08A /* TaskMasterAIService.swift */ = {isa = PBXFileReference; lastKnownFileType = sourcecode.swift; path = TaskMasterAIService.swift; sourceTree = "<group>"; };
		07FD83D43E3A470D869D3D96 /* KeychainManager.swift */ = {isa = PBXFileReference; lastKnownFileType = sourcecode.swift; path = KeychainManager.swift; sourceTree = "<group>"; };
		CEFEA0A41404442ABF32EB70 /* UserSessionManager.swift */ = {isa = PBXFileReference; lastKnownFileType = sourcecode.swift; path = UserSessionManager.swift; sourceTree = "<group>"; };
		8364F6BBEC35411F9A95BBD8 /* TokenManager.swift */ = {isa = PBXFileReference; lastKnownFileType = sourcecode.swift; path = TokenManager.swift; sourceTree = "<group>"; };
		SEC1234567890ABCDEF1234 /* OAuth2Manager.swift */ = {isa = PBXFileReference; lastKnownFileType = sourcecode.swift; path = OAuth2Manager.swift; sourceTree = "<group>"; };
		SEC2234567890ABCDEF1234 /* SessionManager.swift */ = {isa = PBXFileReference; lastKnownFileType = sourcecode.swift; path = SessionManager.swift; sourceTree = "<group>"; };
		SEC3234567890ABCDEF1234 /* BiometricAuthManager.swift */ = {isa = PBXFileReference; lastKnownFileType = sourcecode.swift; path = BiometricAuthManager.swift; sourceTree = "<group>"; };
		SEC4234567890ABCDEF1234 /* SecurityAuditLogger.swift */ = {isa = PBXFileReference; lastKnownFileType = sourcecode.swift; path = SecurityAuditLogger.swift; sourceTree = "<group>"; };
		CMT1234567890ABCDEF1234 /* CommonTypes.swift */ = {isa = PBXFileReference; lastKnownFileType = sourcecode.swift; path = CommonTypes.swift; sourceTree = "<group>"; };
		AUT1234567890ABCDEF1234 /* AuthenticationService.swift */ = {isa = PBXFileReference; lastKnownFileType = sourcecode.swift; path = AuthenticationService.swift; sourceTree = "<group>"; };
		SET1234567890ABCDEF1234 /* SettingsManager.swift */ = {isa = PBXFileReference; lastKnownFileType = sourcecode.swift; path = "../Managers/SettingsManager.swift"; sourceTree = "<group>"; };
		SUBF234567890ABCDEF1234 /* SubscriptionManagementView.swift */ = {isa = PBXFileReference; lastKnownFileType = sourcecode.swift; path = SubscriptionManagementView.swift; sourceTree = "<group>"; };
		SUBG234567890ABCDEF1234 /* SubscriptionDetailView.swift */ = {isa = PBXFileReference; lastKnownFileType = sourcecode.swift; path = SubscriptionDetailView.swift; sourceTree = "<group>"; };
		SUBF434567890ABCDEF1234 /* AddSubscriptionView.swift */ = {isa = PBXFileReference; lastKnownFileType = sourcecode.swift; path = AddSubscriptionView.swift; sourceTree = "<group>"; };
		SUBF534567890ABCDEF1234 /* SubscriptionViewModel.swift */ = {isa = PBXFileReference; lastKnownFileType = sourcecode.swift; path = "../ViewModels/SubscriptionViewModel.swift"; sourceTree = "<group>"; };
		SUBF634567890ABCDEF1234 /* Subscription+CoreDataClass.swift */ = {isa = PBXFileReference; lastKnownFileType = sourcecode.swift; path = "Subscription+CoreDataClass.swift"; sourceTree = "<group>"; };
		SUBF734567890ABCDEF1234 /* Subscription+CoreDataProperties.swift */ = {isa = PBXFileReference; lastKnownFileType = sourcecode.swift; path = "Subscription+CoreDataProperties.swift"; sourceTree = "<group>"; };
		LEGAL1234567890ABCDEF123 /* LegalContent.swift */ = {isa = PBXFileReference; lastKnownFileType = sourcecode.swift; path = "LegalContent.swift"; sourceTree = "<group>"; };
		DAS1234567890ABCDEF1234 /* DashboardDataService.swift */ = {isa = PBXFileReference; lastKnownFileType = sourcecode.swift; path = DashboardDataService.swift; sourceTree = "<group>"; };
		261DA6ADC713A1A4EA28FD37 /* CentralizedTheme.swift */ = {isa = PBXFileReference; lastKnownFileType = sourcecode.swift; path = "FinanceMate/UI/CentralizedTheme.swift"; sourceTree = "<group>"; };
		F74A98781F1B874D7128CEE6 /* FinanceMateTests.xctest */ = {isa = PBXFileReference; explicitFileType = wrapper.cfbundle; includeInIndex = 0; path = FinanceMateTests.xctest; sourceTree = BUILT_PRODUCTS_DIR; };
		TESTF123456789ABCDEF1234 /* AuthenticationE2ETests.swift */ = {isa = PBXFileReference; lastKnownFileType = sourcecode.swift; path = "E2ETests/AuthenticationE2ETests.swift"; sourceTree = "<group>"; };
		TESTF223456789ABCDEF1234 /* ScreenshotService.swift */ = {isa = PBXFileReference; lastKnownFileType = sourcecode.swift; path = "E2ETests/ScreenshotService.swift"; sourceTree = "<group>"; };
/* End PBXFileReference section */

/* Begin PBXGroup section */
		411DBE5F53A298C126242F34 /* Products */ = {
			isa = PBXGroup;
			children = (
				F74A98781F1B874D7128CEE5 /* FinanceMate.app */,
				F74A98781F1B874D7128CEE6 /* FinanceMateTests.xctest */,
			);
			name = Products;
			sourceTree = "<group>";
		};
		5A3E0825B270488F84D0B970B9505899 /* Views */ = {
			isa = PBXGroup;
			children = (
				04F654E30EB3BB8388F98E94 /* ContentView.swift */,
				BF6E84C3FBFD478E813C9DB0 /* LoginView.swift */,
				D3F78B08CDBB4B74973C660565BCDABE /* DashboardView.swift */,
				F2AAC89D21EB40AABC6461CF42C85165 /* AnalyticsView.swift */,
				221AF239D0C640B3876CEFC1891317A7 /* DocumentsView.swift */,
				ADE74DA56CA14FC99080F4D66630B464 /* SettingsView.swift */,
				F1234567890ABCDEF1234567 /* FinancialExportView.swift */,
				SUBF234567890ABCDEF1234 /* SubscriptionManagementView.swift */,
				SUBG234567890ABCDEF1234 /* SubscriptionDetailView.swift */,
				SUBF434567890ABCDEF1234 /* AddSubscriptionView.swift */,
			);
			path = Views;
			sourceTree = "<group>";
		};
		78E9ABC1234567890DEFABCD /* Sources */ = {
			isa = PBXGroup;
			children = (
				89FABC1234567890DEFABCDE /* Core */,
			);
			path = Sources;
			sourceTree = "<group>";
		};
		89FABC1234567890DEFABCDE /* Core */ = {
			isa = PBXGroup;
			children = (
				9AFABC1234567890DEFABCDE /* DataModels */,
			);
			path = Core;
			sourceTree = "<group>";
		};
		9AFABC1234567890DEFABCDE /* DataModels */ = {
			isa = PBXGroup;
			children = (
				2F9E8B3C1234567890ABCDEF /* Category+CoreDataClass.swift */,
				3F9E8B3C1234567890ABCDEF /* Category+CoreDataProperties.swift */,
				4F9E8B3C1234567890ABCDEF /* Client+CoreDataClass.swift */,
				5F9E8B3C1234567890ABCDEF /* Client+CoreDataProperties.swift */,
				6F9E8B3C1234567890ABCDEF /* CoreDataStack.swift */,
				7F9E8B3C1234567890ABCDEF /* Document+CoreDataClass.swift */,
				8F9E8B3C1234567890ABCDEF /* Document+CoreDataProperties.swift */,
				9F9E8B3C1234567890ABCDEF /* FinancialData+CoreDataClass.swift */,
				AF9E8B3C1234567890ABCDEF /* FinancialData+CoreDataProperties.swift */,
				BF9E8B3C1234567890ABCDEF /* Project+CoreDataClass.swift */,
				CF9E8B3C1234567890ABCDEF /* Project+CoreDataProperties.swift */,
				SUBF634567890ABCDEF1234 /* Subscription+CoreDataClass.swift */,
				SUBF734567890ABCDEF1234 /* Subscription+CoreDataProperties.swift */,
			);
			path = DataModels;
			sourceTree = "<group>";
		};
		A287CCF3077F77AF035FE4EE = {
			isa = PBXGroup;
			children = (
				D5D10089FFAD4150861B279B /* FinanceMate */,
				411DBE5F53A298C126242F34 /* Products */,
			);
			sourceTree = "<group>";
		};
		A1B2C3D4E5F6789012345678 /* Services */ = {
			isa = PBXGroup;
			children = (
				F2345678901BCDEF23456789 /* BasicExportService.swift */,
				8DDC146887E149D9A1AAE027 /* APIKeysIntegrationService.swift */,
				ADB69FC0CD6B4F97A50AA08A /* TaskMasterAIService.swift */,
				07FD83D43E3A470D869D3D96 /* KeychainManager.swift */,
				CEFEA0A41404442ABF32EB70 /* UserSessionManager.swift */,
				8364F6BBEC35411F9A95BBD8 /* TokenManager.swift */,
				SEC1234567890ABCDEF1234 /* OAuth2Manager.swift */,
				SEC2234567890ABCDEF1234 /* SessionManager.swift */,
				SEC3234567890ABCDEF1234 /* BiometricAuthManager.swift */,
				SEC4234567890ABCDEF1234 /* SecurityAuditLogger.swift */,
				CMT1234567890ABCDEF1234 /* CommonTypes.swift */,
				AUT1234567890ABCDEF1234 /* AuthenticationService.swift */,
				SET1234567890ABCDEF1234 /* SettingsManager.swift */,
				DAS1234567890ABCDEF1234 /* DashboardDataService.swift */,
				SUBF534567890ABCDEF1234 /* SubscriptionViewModel.swift */,
			);
			path = Services;
			sourceTree = "<group>";
		};
		D5D10089FFAD4150861B279B /* FinanceMate */ = {
			isa = PBXGroup;
			children = (
				CD23538CF257D51DBA226B97 /* FinanceMateApp.swift */,
				78E9ABC1234567890DEFABCD /* Sources */,
				5A3E0825B270488F84D0B970B9505899 /* Views */,
				A1B2C3D4E5F6789012345678 /* Services */,
				MODELS123456789ABCDEF1234 /* Models */,
				23B45678901234567890123B /* Assets.xcassets */,
			);
			path = FinanceMate;
			sourceTree = "<group>";
		};
		MODELS123456789ABCDEF1234 /* Models */ = {
			isa = PBXGroup;
			children = (
				LEGAL1234567890ABCDEF123 /* LegalContent.swift */,
			);
			path = Models;
			sourceTree = "<group>";
		};
/* End PBXGroup section */

/* Begin PBXNativeTarget section */
		C0501184582E4B8B33A799AE /* FinanceMate */ = {
			isa = PBXNativeTarget;
			buildConfigurationList = 435707CA1503CC15628E92D7 /* Build configuration list for PBXNativeTarget "FinanceMate" */;
			buildPhases = (
				SWIFTLINT001234567890ABC /* SwiftLint */,
				D2B194BACCAE2FCF7AD52E55 /* Sources */,
				34C56789012345678901234C /* Resources */,
			);
			buildRules = (
			);
			dependencies = (
			);
			name = FinanceMate;
			packageProductDependencies = (
			);
			productName = FinanceMate;
			productReference = F74A98781F1B874D7128CEE5 /* FinanceMate.app */;
			productType = "com.apple.product-type.application";
		};
		C0501184582E4B8B33A799AF /* FinanceMateTests */ = {
			isa = PBXNativeTarget;
			buildConfigurationList = 435707CA1503CC15628E92D8 /* Build configuration list for PBXNativeTarget "FinanceMateTests" */;
			buildPhases = (
				D2B194BACCAE2FCF7AD52E56 /* Sources */,
			);
			buildRules = (
			);
			dependencies = (
				C0501184582E4B8B33A799B0 /* PBXTargetDependency */,
			);
			name = FinanceMateTests;
			packageProductDependencies = (
			);
			productName = FinanceMateTests;
			productReference = F74A98781F1B874D7128CEE6 /* FinanceMateTests.xctest */;
			productType = "com.apple.product-type.bundle.unit-test";
		};
/* End PBXNativeTarget section */

/* Begin PBXProject section */
		0A583971E86D889EC014362E /* Project object */ = {
			isa = PBXProject;
			attributes = {
				BuildIndependentTargetsInParallel = YES;
				LastUpgradeCheck = 1640;
				TargetAttributes = {
					C0501184582E4B8B33A799AE = {
						DevelopmentTeam = 7KV34995HH;
						ProvisioningStyle = Automatic;
					};
				};
			};
			buildConfigurationList = 7A0CCCB705D31A0A38967D1E /* Build configuration list for PBXProject "FinanceMate" */;
			compatibilityVersion = "Xcode 14.0";
			developmentRegion = en;
			hasScannedForEncodings = 0;
			knownRegions = (
				Base,
				en,
			);
			mainGroup = A287CCF3077F77AF035FE4EE;
			minimizedProjectReferenceProxies = 1;
			projectDirPath = "";
			projectRoot = "";
			targets = (
				C0501184582E4B8B33A799AE /* FinanceMate */,
				C0501184582E4B8B33A799AF /* FinanceMateTests */,
			);
		};
/* End PBXProject section */

/* Begin PBXSourcesBuildPhase section */
		D2B194BACCAE2FCF7AD52E55 /* Sources */ = {
			isa = PBXSourcesBuildPhase;
			buildActionMask = 2147483647;
			files = (
				9092D5A7400F9B0CB893874C /* ContentView.swift in Sources */,
				AF5E73B2EAFC467D912B8CAF /* LoginView.swift in Sources */,
				A9EDDD0E9BBA4D0286A0CE234B0C4B3A /* DashboardView.swift in Sources */,
				D62D0351A2F14CD8816B3337F0FE5F6A /* AnalyticsView.swift in Sources */,
				38052FED7CC349B19F28B2AEE12FDDE4 /* DocumentsView.swift in Sources */,
				B197F5CBA06343C5ABDD46CE6738CBFC /* SettingsView.swift in Sources */,
				84629DFC41CD9C40E5C712E6 /* FinanceMateApp.swift in Sources */,
				1E8F6A2B1234567890ABCDEF /* Category+CoreDataClass.swift in Sources */,
				2E8F6A2B1234567890ABCDEF /* Category+CoreDataProperties.swift in Sources */,
				3E8F6A2B1234567890ABCDEF /* Client+CoreDataClass.swift in Sources */,
				4E8F6A2B1234567890ABCDEF /* Client+CoreDataProperties.swift in Sources */,
				5E8F6A2B1234567890ABCDEF /* CoreDataStack.swift in Sources */,
				6E8F6A2B1234567890ABCDEF /* Document+CoreDataClass.swift in Sources */,
				7E8F6A2B1234567890ABCDEF /* Document+CoreDataProperties.swift in Sources */,
				8E8F6A2B1234567890ABCDEF /* FinancialData+CoreDataClass.swift in Sources */,
				9E8F6A2B1234567890ABCDEF /* FinancialData+CoreDataProperties.swift in Sources */,
				AE8F6A2B1234567890ABCDEF /* Project+CoreDataClass.swift in Sources */,
				BE8F6A2B1234567890ABCDEF /* Project+CoreDataProperties.swift in Sources */,
				E1234567890ABCDEF1234567 /* FinancialExportView.swift in Sources */,
				E2345678901BCDEF23456789 /* BasicExportService.swift in Sources */,
				E5E7EF30544D4EE198A03945 /* APIKeysIntegrationService.swift in Sources */,
				2F7AB726D00249769D602DEA /* TaskMasterAIService.swift in Sources */,
				6EC6AD87195C426EAEB30A5E /* KeychainManager.swift in Sources */,
				4066900159D6459DBF9CC355 /* UserSessionManager.swift in Sources */,
				C76704F73B3D454E8963D3B7 /* TokenManager.swift in Sources */,
				SECB1234567890ABCDEF1234 /* OAuth2Manager.swift in Sources */,
				SECB2234567890ABCDEF1234 /* SessionManager.swift in Sources */,
				SECB3234567890ABCDEF1234 /* BiometricAuthManager.swift in Sources */,
				SECB4234567890ABCDEF1234 /* SecurityAuditLogger.swift in Sources */,
				CMTP234567890ABCDEF1234 /* CommonTypes.swift in Sources */,
				AUTH234567890ABCDEF1234 /* AuthenticationService.swift in Sources */,
				SETM234567890ABCDEF1234 /* SettingsManager.swift in Sources */,
				SUB5234567890ABCDEF1234 /* Subscription+CoreDataClass.swift in Sources */,
				SUB6234567890ABCDEF1234 /* Subscription+CoreDataProperties.swift in Sources */,
				LEGALBF1234567890ABCDEF1 /* LegalContent.swift in Sources */,
				SUB1234567890ABCDEF1234 /* SubscriptionManagementView.swift in Sources */,
				SUBD234567890ABCDEF1234 /* SubscriptionDetailView.swift in Sources */,
				SUB2234567890ABCDEF1234 /* AddSubscriptionView.swift in Sources */,
				SUB3234567890ABCDEF1234 /* SubscriptionViewModel.swift in Sources */,
				DASH234567890ABCDEF1234 /* DashboardDataService.swift in Sources */,
				CA00C390A3A0BBB2E3F00FED /* CentralizedTheme.swift in Sources */,
			);
			runOnlyForDeploymentPostprocessing = 0;
		};
		D2B194BACCAE2FCF7AD52E56 /* Sources */ = {
			isa = PBXSourcesBuildPhase;
			buildActionMask = 2147483647;
			files = (
				TEST1234567890ABCDEF1234 /* AuthenticationE2ETests.swift in Sources */,
				TEST2234567890ABCDEF1234 /* ScreenshotService.swift in Sources */,
			);
			runOnlyForDeploymentPostprocessing = 0;
		};
/* End PBXSourcesBuildPhase section */

/* Begin PBXResourcesBuildPhase section */
		34C56789012345678901234C /* Resources */ = {
			isa = PBXResourcesBuildPhase;
			buildActionMask = 2147483647;
			files = (
				12A34567890123456789012A /* Assets.xcassets in Resources */,
			);
			runOnlyForDeploymentPostprocessing = 0;
		};
/* End PBXResourcesBuildPhase section */

/* Begin PBXShellScriptBuildPhase section */
		SWIFTLINT001234567890ABC /* SwiftLint */ = {
			isa = PBXShellScriptBuildPhase;
			buildActionMask = 2147483647;
			files = (
			);
			inputFileListPaths = (
			);
			inputPaths = (
			);
			name = SwiftLint;
			outputFileListPaths = (
			);
			outputPaths = (
			);
			runOnlyForDeploymentPostprocessing = 0;
			shellPath = /bin/sh;
			shellScript = "if which swiftlint >/dev/null; then\n  cd \"$SRCROOT/../..\"\n  swiftlint --config .swiftlint.yml --reporter xcode || true\nelse\n  echo \"warning: SwiftLint not installed, install via 'brew install swiftlint'\"\nfi\n";
		};
/* End PBXShellScriptBuildPhase section */

/* Begin PBXTargetDependency section */
		C0501184582E4B8B33A799B0 /* PBXTargetDependency */ = {
			isa = PBXTargetDependency;
			target = C0501184582E4B8B33A799AE /* FinanceMate */;
			targetProxy = C0501184582E4B8B33A799B1 /* PBXContainerItemProxy */;
		};
/* End PBXTargetDependency section */

/* Begin PBXContainerItemProxy section */
		C0501184582E4B8B33A799B1 /* PBXContainerItemProxy */ = {
			isa = PBXContainerItemProxy;
			containerPortal = 0A583971E86D889EC014362E /* Project object */;
			proxyType = 1;
			remoteGlobalIDString = C0501184582E4B8B33A799AE;
			remoteInfo = FinanceMate;
		};
/* End PBXContainerItemProxy section */

/* Begin XCBuildConfiguration section */
		01BAE5A01430C22B21F22343 /* Release */ = {
			isa = XCBuildConfiguration;
			buildSettings = {
				ALWAYS_SEARCH_USER_PATHS = NO;
				ASSETCATALOG_COMPILER_GENERATE_SWIFT_ASSET_SYMBOL_EXTENSIONS = YES;
				CLANG_ANALYZER_NONNULL = YES;
				CLANG_ANALYZER_NUMBER_OBJECT_CONVERSION = YES_AGGRESSIVE;
				CLANG_CXX_LANGUAGE_STANDARD = "gnu++14";
				CLANG_CXX_LIBRARY = "libc++";
				CLANG_ENABLE_MODULES = YES;
				CLANG_ENABLE_OBJC_ARC = YES;
				CLANG_ENABLE_OBJC_WEAK = YES;
				CLANG_WARN_BLOCK_CAPTURE_AUTORELEASING = YES;
				CLANG_WARN_BOOL_CONVERSION = YES;
				CLANG_WARN_COMMA = YES;
				CLANG_WARN_CONSTANT_CONVERSION = YES;
				CLANG_WARN_DEPRECATED_OBJC_IMPLEMENTATIONS = YES;
				CLANG_WARN_DIRECT_OBJC_ISA_USAGE = YES_ERROR;
				CLANG_WARN_DOCUMENTATION_COMMENTS = YES;
				CLANG_WARN_EMPTY_BODY = YES;
				CLANG_WARN_ENUM_CONVERSION = YES;
				CLANG_WARN_INFINITE_RECURSION = YES;
				CLANG_WARN_INT_CONVERSION = YES;
				CLANG_WARN_NON_LITERAL_NULL_CONVERSION = YES;
				CLANG_WARN_OBJC_IMPLICIT_RETAIN_SELF = YES;
				CLANG_WARN_OBJC_LITERAL_CONVERSION = YES;
				CLANG_WARN_OBJC_ROOT_CLASS = YES_ERROR;
				CLANG_WARN_QUOTED_INCLUDE_IN_FRAMEWORK_HEADER = YES;
				CLANG_WARN_RANGE_LOOP_ANALYSIS = YES;
				CLANG_WARN_STRICT_PROTOTYPES = YES;
				CLANG_WARN_SUSPICIOUS_MOVE = YES;
				CLANG_WARN_UNGUARDED_AVAILABILITY = YES_AGGRESSIVE;
				CLANG_WARN_UNREACHABLE_CODE = YES;
				CLANG_WARN__DUPLICATE_METHOD_MATCH = YES;
				COPY_PHASE_STRIP = NO;
				DEAD_CODE_STRIPPING = YES;
				DEBUG_INFORMATION_FORMAT = "dwarf-with-dsym";
				DEVELOPMENT_TEAM = 7KV34995HH;
				ENABLE_NS_ASSERTIONS = NO;
				ENABLE_STRICT_OBJC_MSGSEND = YES;
				ENABLE_USER_SCRIPT_SANDBOXING = YES;
				GCC_C_LANGUAGE_STANDARD = gnu11;
				GCC_NO_COMMON_BLOCKS = YES;
				GCC_WARN_64_TO_32_BIT_CONVERSION = YES;
				GCC_WARN_ABOUT_RETURN_TYPE = YES_ERROR;
				GCC_WARN_UNDECLARED_SELECTOR = YES;
				GCC_WARN_UNINITIALIZED_AUTOS = YES_AGGRESSIVE;
				GCC_WARN_UNUSED_FUNCTION = YES;
				GCC_WARN_UNUSED_VARIABLE = YES;
				MACOSX_DEPLOYMENT_TARGET = 13.0;
				MTL_ENABLE_DEBUG_INFO = NO;
				MTL_FAST_MATH = YES;
				PRODUCT_NAME = "$(TARGET_NAME)";
				SDKROOT = macosx;
				SWIFT_COMPILATION_MODE = wholemodule;
				SWIFT_OPTIMIZATION_LEVEL = "-O";
				SWIFT_VERSION = 5.0;
			};
			name = Release;
		};
		092555CC9EBA2D24E0C1D61F /* Debug */ = {
			isa = XCBuildConfiguration;
			buildSettings = {
				ALWAYS_SEARCH_USER_PATHS = NO;
				ASSETCATALOG_COMPILER_GENERATE_SWIFT_ASSET_SYMBOL_EXTENSIONS = YES;
				CLANG_ANALYZER_NONNULL = YES;
				CLANG_ANALYZER_NUMBER_OBJECT_CONVERSION = YES_AGGRESSIVE;
				CLANG_CXX_LANGUAGE_STANDARD = "gnu++14";
				CLANG_CXX_LIBRARY = "libc++";
				CLANG_ENABLE_MODULES = YES;
				CLANG_ENABLE_OBJC_ARC = YES;
				CLANG_ENABLE_OBJC_WEAK = YES;
				CLANG_WARN_BLOCK_CAPTURE_AUTORELEASING = YES;
				CLANG_WARN_BOOL_CONVERSION = YES;
				CLANG_WARN_COMMA = YES;
				CLANG_WARN_CONSTANT_CONVERSION = YES;
				CLANG_WARN_DEPRECATED_OBJC_IMPLEMENTATIONS = YES;
				CLANG_WARN_DIRECT_OBJC_ISA_USAGE = YES_ERROR;
				CLANG_WARN_DOCUMENTATION_COMMENTS = YES;
				CLANG_WARN_EMPTY_BODY = YES;
				CLANG_WARN_ENUM_CONVERSION = YES;
				CLANG_WARN_INFINITE_RECURSION = YES;
				CLANG_WARN_INT_CONVERSION = YES;
				CLANG_WARN_NON_LITERAL_NULL_CONVERSION = YES;
				CLANG_WARN_OBJC_IMPLICIT_RETAIN_SELF = YES;
				CLANG_WARN_OBJC_LITERAL_CONVERSION = YES;
				CLANG_WARN_OBJC_ROOT_CLASS = YES_ERROR;
				CLANG_WARN_QUOTED_INCLUDE_IN_FRAMEWORK_HEADER = YES;
				CLANG_WARN_RANGE_LOOP_ANALYSIS = YES;
				CLANG_WARN_STRICT_PROTOTYPES = YES;
				CLANG_WARN_SUSPICIOUS_MOVE = YES;
				CLANG_WARN_UNGUARDED_AVAILABILITY = YES_AGGRESSIVE;
				CLANG_WARN_UNREACHABLE_CODE = YES;
				CLANG_WARN__DUPLICATE_METHOD_MATCH = YES;
				COPY_PHASE_STRIP = NO;
				DEAD_CODE_STRIPPING = YES;
				DEBUG_INFORMATION_FORMAT = dwarf;
				DEVELOPMENT_TEAM = 7KV34995HH;
				ENABLE_STRICT_OBJC_MSGSEND = YES;
				ENABLE_TESTABILITY = YES;
				ENABLE_USER_SCRIPT_SANDBOXING = YES;
				GCC_C_LANGUAGE_STANDARD = gnu11;
				GCC_DYNAMIC_NO_PIC = NO;
				GCC_NO_COMMON_BLOCKS = YES;
				GCC_OPTIMIZATION_LEVEL = 0;
				GCC_PREPROCESSOR_DEFINITIONS = (
					"$(inherited)",
					"DEBUG=1",
				);
				GCC_WARN_64_TO_32_BIT_CONVERSION = YES;
				GCC_WARN_ABOUT_RETURN_TYPE = YES_ERROR;
				GCC_WARN_UNDECLARED_SELECTOR = YES;
				GCC_WARN_UNINITIALIZED_AUTOS = YES_AGGRESSIVE;
				GCC_WARN_UNUSED_FUNCTION = YES;
				GCC_WARN_UNUSED_VARIABLE = YES;
				MACOSX_DEPLOYMENT_TARGET = 13.0;
				MTL_ENABLE_DEBUG_INFO = INCLUDE_SOURCE;
				MTL_FAST_MATH = YES;
				ONLY_ACTIVE_ARCH = YES;
				PRODUCT_NAME = "$(TARGET_NAME)";
				SDKROOT = macosx;
				SWIFT_ACTIVE_COMPILATION_CONDITIONS = DEBUG;
				SWIFT_OPTIMIZATION_LEVEL = "-Onone";
				SWIFT_VERSION = 5.0;
			};
			name = Debug;
		};
		1489F5D31A2744422DC82D7D /* Release */ = {
			isa = XCBuildConfiguration;
			buildSettings = {
				APP_CATEGORY = Productivity;
				ASSETCATALOG_COMPILER_APPICON_NAME = AppIcon;
				ASSETCATALOG_COMPILER_GLOBAL_ACCENT_COLOR_NAME = AccentColor;
				ASSETCATALOG_COMPILER_INCLUDE_ALL_APPICON_ASSETS = YES;
				BUILD = 1;
				CODE_SIGN_ENTITLEMENTS = FinanceMate.entitlements;
				"CODE_SIGN_IDENTITY[sdk=macosx*]" = "Apple Development";
				CODE_SIGN_STYLE = Automatic;
				COMBINE_HIDPI_IMAGES = YES;
				CURRENT_PROJECT_VERSION = 1;
				DEAD_CODE_STRIPPING = YES;
				INFOPLIST_FILE = Resources/Info.plist;
				INFOPLIST_KEY_CFBundleDisplayName = FinanceMate;
				INFOPLIST_KEY_LSApplicationCategoryType = "public.app-category.finance";
				LD_RUNPATH_SEARCH_PATHS = (
					"$(inherited)",
					"@executable_path/../Frameworks",
				);
				MACOSX_DEPLOYMENT_TARGET = 13.0;
				MARKETING_VERSION = 1.0.0;
				PRODUCT_BUNDLE_IDENTIFIER = com.ablankcanvas.financemate;
				PRODUCT_NAME = FinanceMate;
				SDKROOT = macosx;
				SIGNING_CERTIFICATE = "Apple Distribution";
				VERSION = 0.1;
			};
			name = Release;
		};
		64B95EE3699006D87282614C /* Debug */ = {
			isa = XCBuildConfiguration;
			buildSettings = {
				APP_CATEGORY = Productivity;
				ASSETCATALOG_COMPILER_APPICON_NAME = AppIcon;
				ASSETCATALOG_COMPILER_GLOBAL_ACCENT_COLOR_NAME = AccentColor;
				ASSETCATALOG_COMPILER_INCLUDE_ALL_APPICON_ASSETS = YES;
				BUILD = 1;
				CODE_SIGN_ENTITLEMENTS = FinanceMate.entitlements;
				CODE_SIGN_STYLE = Automatic;
				COMBINE_HIDPI_IMAGES = YES;
				CURRENT_PROJECT_VERSION = 1;
				DEAD_CODE_STRIPPING = YES;
				INFOPLIST_FILE = Resources/Info.plist;
				INFOPLIST_KEY_CFBundleDisplayName = FinanceMate;
				INFOPLIST_KEY_LSApplicationCategoryType = "public.app-category.finance";
				LD_RUNPATH_SEARCH_PATHS = (
					"$(inherited)",
					"@executable_path/../Frameworks",
				);
				MACOSX_DEPLOYMENT_TARGET = 13.0;
				MARKETING_VERSION = 1.0.0;
				PRODUCT_BUNDLE_IDENTIFIER = com.ablankcanvas.financemate;
				PRODUCT_NAME = FinanceMate;
				SDKROOT = macosx;
				SIGNING_CERTIFICATE = "Apple Distribution";
				VERSION = 0.1;
			};
			name = Debug;
		};
/* End XCBuildConfiguration section */

/* Begin XCConfigurationList section */
		435707CA1503CC15628E92D7 /* Build configuration list for PBXNativeTarget "FinanceMate" */ = {
			isa = XCConfigurationList;
			buildConfigurations = (
				64B95EE3699006D87282614C /* Debug */,
				1489F5D31A2744422DC82D7D /* Release */,
			);
			defaultConfigurationIsVisible = 0;
			defaultConfigurationName = Debug;
		};
		435707CA1503CC15628E92D8 /* Build configuration list for PBXNativeTarget "FinanceMateTests" */ = {
			isa = XCConfigurationList;
			buildConfigurations = (
				64B95EE3699006D87282614D /* Debug */,
				1489F5D31A2744422DC82D7E /* Release */,
			);
			defaultConfigurationIsVisible = 0;
			defaultConfigurationName = Debug;
		};
		7A0CCCB705D31A0A38967D1E /* Build configuration list for PBXProject "FinanceMate" */ = {
			isa = XCConfigurationList;
			buildConfigurations = (
				092555CC9EBA2D24E0C1D61F /* Debug */,
				01BAE5A01430C22B21F22343 /* Release */,
			);
			defaultConfigurationIsVisible = 0;
			defaultConfigurationName = Debug;
		};
/* End XCConfigurationList section */
	};
	rootObject = 0A583971E86D889EC014362E /* Project object */;
}
